PODS:
  - Nimble (9.0.0)
  - Quick (3.1.2)
  - SDWebImage (5.10.4):
    - SDWebImage/Core (= 5.10.4)
  - SDWebImage/Core (5.10.4)

DEPENDENCIES:
  - Nimble
  - Quick
  - SDWebImage (~> 5.0)

SPEC REPOS:
  trunk:
    - Nimble
    - Quick
    - SDWebImage

SPEC CHECKSUMS:
  Nimble: 3b4ec3fd40f1dc178058e0981107721c615643d8
  Quick: 60f0ea3b8e0cfc0df3259a5c06a238ad8b3c46e0
  SDWebImage: c666b97e1fa9c64b4909816a903322018f0a9c84

PODFILE CHECKSUM: 3069e6d4f9406cf918b4ff9832456b03af5149d8

COCOAPODS: 1.8.4
