// !$*UTF8*$!
{
	archiveVersion = 1;
	classes = {
	};
	objectVersion = 51;
	objects = {

/* Begin PBXBuildFile section */
		4246C4D3F7B2DC54EC06EBDE /* Pods_MLMiniTests.framework in Frameworks */ = {isa = PBXBuildFile; fileRef = 62B5827BB92C5D1116EA4B51 /* Pods_MLMiniTests.framework */; };
		C6037D3D25254A6C000EB082 /* ProductDetailViewControllerCarrouselExtension.swift in Sources */ = {isa = PBXBuildFile; fileRef = C6037D3C25254A6C000EB082 /* ProductDetailViewControllerCarrouselExtension.swift */; };
		C6E2C8122512E86E009687CC /* ItemDetailDomainModel.swift in Sources */ = {isa = PBXBuildFile; fileRef = C6E2C8112512E86E009687CC /* ItemDetailDomainModel.swift */; };
		C6F012DD25FDC76C00BBE3CC /* MLMiniTests.swift in Sources */ = {isa = PBXBuildFile; fileRef = C6F012DC25FDC76C00BBE3CC /* MLMiniTests.swift */; };
		C6F012F825FE3B1B00BBE3CC /* ProductListPresenterTests.swift in Sources */ = {isa = PBXBuildFile; fileRef = C6F012F725FE3B1B00BBE3CC /* ProductListPresenterTests.swift */; };
		C6F012FD25FE3C4000BBE3CC /* MockSwift.swift in Sources */ = {isa = PBXBuildFile; fileRef = C6F012FC25FE3C4000BBE3CC /* MockSwift.swift */; };
		C6F0130225FE3F5900BBE3CC /* ProductListViewProtocolMock.swift in Sources */ = {isa = PBXBuildFile; fileRef = C6F0130125FE3F5900BBE3CC /* ProductListViewProtocolMock.swift */; };
		C6F0130625FE41E000BBE3CC /* ProductListRepositorySpy.swift in Sources */ = {isa = PBXBuildFile; fileRef = C6F0130525FE41E000BBE3CC /* ProductListRepositorySpy.swift */; };
		C6F0130925FE46B900BBE3CC /* ApiResponseModelMock.swift in Sources */ = {isa = PBXBuildFile; fileRef = C6F0130825FE46B900BBE3CC /* ApiResponseModelMock.swift */; };
		C6F0130C25FE473000BBE3CC /* ProductListRepositoryMock.swift in Sources */ = {isa = PBXBuildFile; fileRef = C6F0130B25FE473000BBE3CC /* ProductListRepositoryMock.swift */; };
		C6F0131025FE687300BBE3CC /* ProductListModel.json in Resources */ = {isa = PBXBuildFile; fileRef = C6F0130F25FE687300BBE3CC /* ProductListModel.json */; };
		C6F0131425FE6A3F00BBE3CC /* APIResponseModelTests.swift in Sources */ = {isa = PBXBuildFile; fileRef = C6F0131325FE6A3F00BBE3CC /* APIResponseModelTests.swift */; };
		C6F0131625FE6FA100BBE3CC /* ProductListModel.json in Resources */ = {isa = PBXBuildFile; fileRef = C6F0130F25FE687300BBE3CC /* ProductListModel.json */; };
		C6F0131F25FE955700BBE3CC /* ProductListRepositoryTests.swift in Sources */ = {isa = PBXBuildFile; fileRef = C6F0131E25FE955700BBE3CC /* ProductListRepositoryTests.swift */; };
		C6F0132325FE988600BBE3CC /* ServiceManagerMock.swift in Sources */ = {isa = PBXBuildFile; fileRef = C6F0132225FE988600BBE3CC /* ServiceManagerMock.swift */; };
		C6F6A7E72510476E00140EAD /* ProductListPresenter.swift in Sources */ = {isa = PBXBuildFile; fileRef = C6F6A7E62510476E00140EAD /* ProductListPresenter.swift */; };
		C6F6A7E925104FFA00140EAD /* ProductListRepository.swift in Sources */ = {isa = PBXBuildFile; fileRef = C6F6A7E825104FFA00140EAD /* ProductListRepository.swift */; };
		C6F6A7FC2512C7E700140EAD /* ProductDetailPresenter.swift in Sources */ = {isa = PBXBuildFile; fileRef = C6F6A7FB2512C7E700140EAD /* ProductDetailPresenter.swift */; };
		C6F6A7FE2512C7F400140EAD /* ProductDetailRepository.swift in Sources */ = {isa = PBXBuildFile; fileRef = C6F6A7FD2512C7F400140EAD /* ProductDetailRepository.swift */; };
		D01454B5BE47C76FC4DDA453 /* Pods_MLMini.framework in Frameworks */ = {isa = PBXBuildFile; fileRef = ACADDCECD3DE60D361464AED /* Pods_MLMini.framework */; };
		D94DCC6C2A3F9FFE00E559AD /* MLMiniMainCoordinator.swift in Sources */ = {isa = PBXBuildFile; fileRef = D94DCC6B2A3F9FFE00E559AD /* MLMiniMainCoordinator.swift */; };
		D94DCC6F2A3FA0EE00E559AD /* MLMiniMainCoordinatorTests.swift in Sources */ = {isa = PBXBuildFile; fileRef = D94DCC6E2A3FA0EE00E559AD /* MLMiniMainCoordinatorTests.swift */; };
		D94DCC712A3FABF800E559AD /* MLMiniMainCoordinatorSpy.swift in Sources */ = {isa = PBXBuildFile; fileRef = D94DCC702A3FABF800E559AD /* MLMiniMainCoordinatorSpy.swift */; };
		D94DCC7D2A43A3B000E559AD /* StringLocalizables+Extension.swift in Sources */ = {isa = PBXBuildFile; fileRef = D94DCC7C2A43A3B000E559AD /* StringLocalizables+Extension.swift */; };
		D94DCC902A43AA0F00E559AD /* Localizable.strings in Resources */ = {isa = PBXBuildFile; fileRef = D94DCC922A43AA0F00E559AD /* Localizable.strings */; };
		D94DCC952A43AAA500E559AD /* MLLocalizables.swift in Sources */ = {isa = PBXBuildFile; fileRef = D94DCC942A43AAA500E559AD /* MLLocalizables.swift */; };
		D94DCC982A43C6AD00E559AD /* ProductDetailCarouselView.swift in Sources */ = {isa = PBXBuildFile; fileRef = D94DCC972A43C6AD00E559AD /* ProductDetailCarouselView.swift */; };
		D94DCC9A2A43F84B00E559AD /* ImageCardView.swift in Sources */ = {isa = PBXBuildFile; fileRef = D94DCC992A43F84B00E559AD /* ImageCardView.swift */; };
		D953FBC42A3527ED00D2C775 /* SearchView.swift in Sources */ = {isa = PBXBuildFile; fileRef = D953FBC32A3527ED00D2C775 /* SearchView.swift */; };
		D953FBC62A36711F00D2C775 /* SearchViewViewModel.swift in Sources */ = {isa = PBXBuildFile; fileRef = D953FBC52A36711F00D2C775 /* SearchViewViewModel.swift */; };
		D953FBC82A36858100D2C775 /* SearchViewBuilder.swift in Sources */ = {isa = PBXBuildFile; fileRef = D953FBC72A36858100D2C775 /* SearchViewBuilder.swift */; };
		D953FBCA2A36B5A400D2C775 /* SearchViewControllerSwiftUIBridge.swift in Sources */ = {isa = PBXBuildFile; fileRef = D953FBC92A36B5A400D2C775 /* SearchViewControllerSwiftUIBridge.swift */; };
		D953FBCC2A36C3CC00D2C775 /* View+Extension.swift in Sources */ = {isa = PBXBuildFile; fileRef = D953FBCB2A36C3CC00D2C775 /* View+Extension.swift */; };
		D953FBD42A36C71300D2C775 /* MLMiniTextField.swift in Sources */ = {isa = PBXBuildFile; fileRef = D953FBD32A36C71300D2C775 /* MLMiniTextField.swift */; };
		D953FBD72A36C77B00D2C775 /* MLButton.swift in Sources */ = {isa = PBXBuildFile; fileRef = D953FBD62A36C77B00D2C775 /* MLButton.swift */; };
		D953FBD92A37E49500D2C775 /* MLGenericFeedbackScreenComponent.swift in Sources */ = {isa = PBXBuildFile; fileRef = D953FBD82A37E49500D2C775 /* MLGenericFeedbackScreenComponent.swift */; };
		D953FBDE2A3A7AF400D2C775 /* MLImage.swift in Sources */ = {isa = PBXBuildFile; fileRef = D953FBDD2A3A7AF400D2C775 /* MLImage.swift */; };
		D953FBE12A3ABDAA00D2C775 /* MLGenericFeedbackScreenFactory.swift in Sources */ = {isa = PBXBuildFile; fileRef = D953FBE02A3ABDAA00D2C775 /* MLGenericFeedbackScreenFactory.swift */; };
		D953FBE32A3BC75A00D2C775 /* MLGenericFeedbackModel.swift in Sources */ = {isa = PBXBuildFile; fileRef = D953FBE22A3BC75A00D2C775 /* MLGenericFeedbackModel.swift */; };
		D953FBE62A3BFF0100D2C775 /* HTTPMethod.swift in Sources */ = {isa = PBXBuildFile; fileRef = D953FBE52A3BFF0100D2C775 /* HTTPMethod.swift */; };
		D953FBE82A3BFF2F00D2C775 /* Endpoint.swift in Sources */ = {isa = PBXBuildFile; fileRef = D953FBE72A3BFF2F00D2C775 /* Endpoint.swift */; };
		D953FBEA2A3C0D2100D2C775 /* MLEnvironment.swift in Sources */ = {isa = PBXBuildFile; fileRef = D953FBE92A3C0D2100D2C775 /* MLEnvironment.swift */; };
		D953FBEC2A3C0D4400D2C775 /* MLPath.swift in Sources */ = {isa = PBXBuildFile; fileRef = D953FBEB2A3C0D4400D2C775 /* MLPath.swift */; };
		D953FBEE2A3C250900D2C775 /* ProductListBuilder.swift in Sources */ = {isa = PBXBuildFile; fileRef = D953FBED2A3C250900D2C775 /* ProductListBuilder.swift */; };
		D953FBF42A3D339800D2C775 /* ProductListCoordinatorTests.swift in Sources */ = {isa = PBXBuildFile; fileRef = D953FBF32A3D339800D2C775 /* ProductListCoordinatorTests.swift */; };
		D953FBF62A3D452C00D2C775 /* ProductListBuilderTests.swift in Sources */ = {isa = PBXBuildFile; fileRef = D953FBF52A3D452C00D2C775 /* ProductListBuilderTests.swift */; };
		D953FBFB2A3D4A1100D2C775 /* MLGenericFeedbackScreenComponentSnapshotTests.swift in Sources */ = {isa = PBXBuildFile; fileRef = D953FBFA2A3D4A1100D2C775 /* MLGenericFeedbackScreenComponentSnapshotTests.swift */; };
		D953FBFF2A3D558800D2C775 /* MLBaseSnapshotTests.swift in Sources */ = {isa = PBXBuildFile; fileRef = D953FBFE2A3D558800D2C775 /* MLBaseSnapshotTests.swift */; };
		D953FC032A3D654000D2C775 /* SearchViewSnapshotTests.swift in Sources */ = {isa = PBXBuildFile; fileRef = D953FC022A3D654000D2C775 /* SearchViewSnapshotTests.swift */; };
		D953FC072A3D694200D2C775 /* MLButtonSnapshotTests.swift in Sources */ = {isa = PBXBuildFile; fileRef = D953FC062A3D694200D2C775 /* MLButtonSnapshotTests.swift */; };
		D953FC0A2A3D6F8000D2C775 /* MLMiniTextFieldSnapshotTests.swift in Sources */ = {isa = PBXBuildFile; fileRef = D953FC092A3D6F8000D2C775 /* MLMiniTextFieldSnapshotTests.swift */; };
		D96DF6742A4E9D84000F40C1 /* MLSpacings.swift in Sources */ = {isa = PBXBuildFile; fileRef = D96DF6732A4E9D84000F40C1 /* MLSpacings.swift */; };
		D96DF6762A4EAE3D000F40C1 /* SellerQualityMeter.swift in Sources */ = {isa = PBXBuildFile; fileRef = D96DF6752A4EAE3D000F40C1 /* SellerQualityMeter.swift */; };
		D97D62712A465B5300A81D6B /* ProductDetailRepositoryTests.swift in Sources */ = {isa = PBXBuildFile; fileRef = D97D62702A465B5300A81D6B /* ProductDetailRepositoryTests.swift */; };
		D97D62742A465C5E00A81D6B /* ItemResponseModelMock.swift in Sources */ = {isa = PBXBuildFile; fileRef = D97D62732A465C5E00A81D6B /* ItemResponseModelMock.swift */; };
		D97D62762A467D4300A81D6B /* ProductDetailBuilder.swift in Sources */ = {isa = PBXBuildFile; fileRef = D97D62752A467D4300A81D6B /* ProductDetailBuilder.swift */; };
		D97D627A2A46913500A81D6B /* ItemRowDomainModel.swift in Sources */ = {isa = PBXBuildFile; fileRef = D97D62792A46913500A81D6B /* ItemRowDomainModel.swift */; };
		D97D627C2A47A0A900A81D6B /* MLButtonStyle.swift in Sources */ = {isa = PBXBuildFile; fileRef = D97D627B2A47A0A900A81D6B /* MLButtonStyle.swift */; };
		D97D627E2A4BCCC500A81D6B /* ProductDetailTopRow.swift in Sources */ = {isa = PBXBuildFile; fileRef = D97D627D2A4BCCC500A81D6B /* ProductDetailTopRow.swift */; };
		D97D62802A4BD60500A81D6B /* ProductDetailView.swift in Sources */ = {isa = PBXBuildFile; fileRef = D97D627F2A4BD60500A81D6B /* ProductDetailView.swift */; };
		D97D62822A4BD8E600A81D6B /* ProductDetailItemPricingSection.swift in Sources */ = {isa = PBXBuildFile; fileRef = D97D62812A4BD8E600A81D6B /* ProductDetailItemPricingSection.swift */; };
		D97D62842A4BE9B100A81D6B /* ProductDetailDescriptionSection.swift in Sources */ = {isa = PBXBuildFile; fileRef = D97D62832A4BE9B100A81D6B /* ProductDetailDescriptionSection.swift */; };
		D97D62862A4BEC2B00A81D6B /* ProductDetailSellerSection.swift in Sources */ = {isa = PBXBuildFile; fileRef = D97D62852A4BEC2B00A81D6B /* ProductDetailSellerSection.swift */; };
		D9A260752A4CE262009A0C99 /* ProductDetailViewModel.swift in Sources */ = {isa = PBXBuildFile; fileRef = D9A260742A4CE262009A0C99 /* ProductDetailViewModel.swift */; };
		D9A260782A4CE9F8009A0C99 /* ProductDetailViewModelMock.swift in Sources */ = {isa = PBXBuildFile; fileRef = D9A260772A4CE9F8009A0C99 /* ProductDetailViewModelMock.swift */; };
		D9A2607D2A4D0E3B009A0C99 /* ItemDescriptionInfraestructureModel.swift in Sources */ = {isa = PBXBuildFile; fileRef = D9A2607C2A4D0E3B009A0C99 /* ItemDescriptionInfraestructureModel.swift */; };
		D9A2607F2A4D0E76009A0C99 /* ItemDescriptionDomainModel.swift in Sources */ = {isa = PBXBuildFile; fileRef = D9A2607E2A4D0E76009A0C99 /* ItemDescriptionDomainModel.swift */; };
		D9A260822A4D30A4009A0C99 /* MLUserInformationInfraestructureModel.swift in Sources */ = {isa = PBXBuildFile; fileRef = D9A260812A4D30A4009A0C99 /* MLUserInformationInfraestructureModel.swift */; };
		D9A260842A4D3163009A0C99 /* MLUserInformationDomainModel.swift in Sources */ = {isa = PBXBuildFile; fileRef = D9A260832A4D3163009A0C99 /* MLUserInformationDomainModel.swift */; };
		D9A260862A4D45B5009A0C99 /* ProductDetailViewControllerSwiftUIBridge.swift in Sources */ = {isa = PBXBuildFile; fileRef = D9A260852A4D45B5009A0C99 /* ProductDetailViewControllerSwiftUIBridge.swift */; };
		E461482F23369128006080E4 /* ItemDetailInfraestructureModel.swift in Sources */ = {isa = PBXBuildFile; fileRef = E461482E23369128006080E4 /* ItemDetailInfraestructureModel.swift */; };
		E495DFC3233A4B9A00E3A4C9 /* NetworkServiceManager.swift in Sources */ = {isa = PBXBuildFile; fileRef = E495DFC2233A4B9A00E3A4C9 /* NetworkServiceManager.swift */; };
		E49F96072339108700AC4ECC /* SpinnerViewController.swift in Sources */ = {isa = PBXBuildFile; fileRef = E49F96062339108700AC4ECC /* SpinnerViewController.swift */; };
		E4CB24C223346642003AB3D8 /* NumberExtension.swift in Sources */ = {isa = PBXBuildFile; fileRef = E4CB24C123346642003AB3D8 /* NumberExtension.swift */; };
		E4D0525B23325388009B4EDB /* AppDelegate.swift in Sources */ = {isa = PBXBuildFile; fileRef = E4D0525A23325388009B4EDB /* AppDelegate.swift */; };
		E4D0525D23325388009B4EDB /* ProductListViewController.swift in Sources */ = {isa = PBXBuildFile; fileRef = E4D0525C23325388009B4EDB /* ProductListViewController.swift */; };
		E4D0526023325388009B4EDB /* Main.storyboard in Resources */ = {isa = PBXBuildFile; fileRef = E4D0525E23325388009B4EDB /* Main.storyboard */; };
		E4D052622332538D009B4EDB /* Assets.xcassets in Resources */ = {isa = PBXBuildFile; fileRef = E4D052612332538D009B4EDB /* Assets.xcassets */; };
		E4D052652332538D009B4EDB /* LaunchScreen.storyboard in Resources */ = {isa = PBXBuildFile; fileRef = E4D052632332538D009B4EDB /* LaunchScreen.storyboard */; };
		E4D0529423328E8C009B4EDB /* ProductListInfraestructureModel.swift in Sources */ = {isa = PBXBuildFile; fileRef = E4D0529323328E8C009B4EDB /* ProductListInfraestructureModel.swift */; };
		E4D0529A23331117009B4EDB /* ProductViewCell.swift in Sources */ = {isa = PBXBuildFile; fileRef = E4D0529823331117009B4EDB /* ProductViewCell.swift */; };
		E4D0529B23331117009B4EDB /* ProductViewCell.xib in Resources */ = {isa = PBXBuildFile; fileRef = E4D0529923331117009B4EDB /* ProductViewCell.xib */; };
		E4D0529F23331EF3009B4EDB /* NetworkError.swift in Sources */ = {isa = PBXBuildFile; fileRef = E4D0529E23331EF3009B4EDB /* NetworkError.swift */; };
		E4D052A92333B464009B4EDB /* ProductDetailViewController.swift in Sources */ = {isa = PBXBuildFile; fileRef = E4D052A82333B464009B4EDB /* ProductDetailViewController.swift */; };
		E4D052B02333CE79009B4EDB /* UIColorExtension.swift in Sources */ = {isa = PBXBuildFile; fileRef = E4D052AF2333CE79009B4EDB /* UIColorExtension.swift */; };
		E4D5D3532337BF4300883E8A /* ProductImageViewCell.swift in Sources */ = {isa = PBXBuildFile; fileRef = E4D5D3522337BF4300883E8A /* ProductImageViewCell.swift */; };
		E4D5D3562337C94600883E8A /* MainDetailTableViewCell.swift in Sources */ = {isa = PBXBuildFile; fileRef = E4D5D3542337C94600883E8A /* MainDetailTableViewCell.swift */; };
		E4D5D3572337C94600883E8A /* MainDetailTableViewCell.xib in Resources */ = {isa = PBXBuildFile; fileRef = E4D5D3552337C94600883E8A /* MainDetailTableViewCell.xib */; };
		E4D5D35C2337E6B200883E8A /* BuyDetailTableViewCell.swift in Sources */ = {isa = PBXBuildFile; fileRef = E4D5D35A2337E6B200883E8A /* BuyDetailTableViewCell.swift */; };
		E4D5D35D2337E6B200883E8A /* BuyDetailTableViewCell.xib in Resources */ = {isa = PBXBuildFile; fileRef = E4D5D35B2337E6B200883E8A /* BuyDetailTableViewCell.xib */; };
		E4FB0DFC29ABD3AB004DE58F /* UIViewController+Extension.swift in Sources */ = {isa = PBXBuildFile; fileRef = E4FB0DFB29ABD3AB004DE58F /* UIViewController+Extension.swift */; };
/* End PBXBuildFile section */

/* Begin PBXContainerItemProxy section */
		C6F012DF25FDC76C00BBE3CC /* PBXContainerItemProxy */ = {
			isa = PBXContainerItemProxy;
			containerPortal = E4D0524F23325388009B4EDB /* Project object */;
			proxyType = 1;
			remoteGlobalIDString = E4D0525623325388009B4EDB;
			remoteInfo = MLMini;
		};
/* End PBXContainerItemProxy section */

/* Begin PBXCopyFilesBuildPhase section */
		E4D052A523333646009B4EDB /* CopyFiles */ = {
			isa = PBXCopyFilesBuildPhase;
			buildActionMask = 2147483647;
			dstPath = "";
			dstSubfolderSpec = 10;
			files = (
			);
			runOnlyForDeploymentPostprocessing = 0;
		};
/* End PBXCopyFilesBuildPhase section */

/* Begin PBXFileReference section */
		0928AF62A7DB132977922ED7 /* Pods-MLMini.debug.xcconfig */ = {isa = PBXFileReference; includeInIndex = 1; lastKnownFileType = text.xcconfig; name = "Pods-MLMini.debug.xcconfig"; path = "Target Support Files/Pods-MLMini/Pods-MLMini.debug.xcconfig"; sourceTree = "<group>"; };
		62B5827BB92C5D1116EA4B51 /* Pods_MLMiniTests.framework */ = {isa = PBXFileReference; explicitFileType = wrapper.framework; includeInIndex = 0; path = Pods_MLMiniTests.framework; sourceTree = BUILT_PRODUCTS_DIR; };
		6D0A64802C1BD34D0C11258E /* Pods-MLMiniTests.release.xcconfig */ = {isa = PBXFileReference; includeInIndex = 1; lastKnownFileType = text.xcconfig; name = "Pods-MLMiniTests.release.xcconfig"; path = "Target Support Files/Pods-MLMiniTests/Pods-MLMiniTests.release.xcconfig"; sourceTree = "<group>"; };
		7E793701A753B4BBB129D0D5 /* Pods-MLMiniTests.debug.xcconfig */ = {isa = PBXFileReference; includeInIndex = 1; lastKnownFileType = text.xcconfig; name = "Pods-MLMiniTests.debug.xcconfig"; path = "Target Support Files/Pods-MLMiniTests/Pods-MLMiniTests.debug.xcconfig"; sourceTree = "<group>"; };
		ACADDCECD3DE60D361464AED /* Pods_MLMini.framework */ = {isa = PBXFileReference; explicitFileType = wrapper.framework; includeInIndex = 0; path = Pods_MLMini.framework; sourceTree = BUILT_PRODUCTS_DIR; };
		C6037D3C25254A6C000EB082 /* ProductDetailViewControllerCarrouselExtension.swift */ = {isa = PBXFileReference; lastKnownFileType = sourcecode.swift; path = ProductDetailViewControllerCarrouselExtension.swift; sourceTree = "<group>"; };
		C6E2C8112512E86E009687CC /* ItemDetailDomainModel.swift */ = {isa = PBXFileReference; lastKnownFileType = sourcecode.swift; path = ItemDetailDomainModel.swift; sourceTree = "<group>"; };
		C6F012DA25FDC76C00BBE3CC /* MLMiniTests.xctest */ = {isa = PBXFileReference; explicitFileType = wrapper.cfbundle; includeInIndex = 0; path = MLMiniTests.xctest; sourceTree = BUILT_PRODUCTS_DIR; };
		C6F012DC25FDC76C00BBE3CC /* MLMiniTests.swift */ = {isa = PBXFileReference; lastKnownFileType = sourcecode.swift; path = MLMiniTests.swift; sourceTree = "<group>"; };
		C6F012DE25FDC76C00BBE3CC /* Info.plist */ = {isa = PBXFileReference; lastKnownFileType = text.plist.xml; path = Info.plist; sourceTree = "<group>"; };
		C6F012F725FE3B1B00BBE3CC /* ProductListPresenterTests.swift */ = {isa = PBXFileReference; lastKnownFileType = sourcecode.swift; path = ProductListPresenterTests.swift; sourceTree = "<group>"; };
		C6F012FC25FE3C4000BBE3CC /* MockSwift.swift */ = {isa = PBXFileReference; lastKnownFileType = sourcecode.swift; path = MockSwift.swift; sourceTree = "<group>"; };
		C6F0130125FE3F5900BBE3CC /* ProductListViewProtocolMock.swift */ = {isa = PBXFileReference; lastKnownFileType = sourcecode.swift; path = ProductListViewProtocolMock.swift; sourceTree = "<group>"; };
		C6F0130525FE41E000BBE3CC /* ProductListRepositorySpy.swift */ = {isa = PBXFileReference; lastKnownFileType = sourcecode.swift; path = ProductListRepositorySpy.swift; sourceTree = "<group>"; };
		C6F0130825FE46B900BBE3CC /* ApiResponseModelMock.swift */ = {isa = PBXFileReference; lastKnownFileType = sourcecode.swift; path = ApiResponseModelMock.swift; sourceTree = "<group>"; };
		C6F0130B25FE473000BBE3CC /* ProductListRepositoryMock.swift */ = {isa = PBXFileReference; lastKnownFileType = sourcecode.swift; path = ProductListRepositoryMock.swift; sourceTree = "<group>"; };
		C6F0130F25FE687300BBE3CC /* ProductListModel.json */ = {isa = PBXFileReference; lastKnownFileType = text.json; path = ProductListModel.json; sourceTree = "<group>"; };
		C6F0131325FE6A3F00BBE3CC /* APIResponseModelTests.swift */ = {isa = PBXFileReference; lastKnownFileType = sourcecode.swift; path = APIResponseModelTests.swift; sourceTree = "<group>"; };
		C6F0131E25FE955700BBE3CC /* ProductListRepositoryTests.swift */ = {isa = PBXFileReference; lastKnownFileType = sourcecode.swift; path = ProductListRepositoryTests.swift; sourceTree = "<group>"; };
		C6F0132225FE988600BBE3CC /* ServiceManagerMock.swift */ = {isa = PBXFileReference; lastKnownFileType = sourcecode.swift; path = ServiceManagerMock.swift; sourceTree = "<group>"; };
		C6F6A7E62510476E00140EAD /* ProductListPresenter.swift */ = {isa = PBXFileReference; lastKnownFileType = sourcecode.swift; path = ProductListPresenter.swift; sourceTree = "<group>"; };
		C6F6A7E825104FFA00140EAD /* ProductListRepository.swift */ = {isa = PBXFileReference; lastKnownFileType = sourcecode.swift; path = ProductListRepository.swift; sourceTree = "<group>"; };
		C6F6A7FB2512C7E700140EAD /* ProductDetailPresenter.swift */ = {isa = PBXFileReference; lastKnownFileType = sourcecode.swift; path = ProductDetailPresenter.swift; sourceTree = "<group>"; };
		C6F6A7FD2512C7F400140EAD /* ProductDetailRepository.swift */ = {isa = PBXFileReference; lastKnownFileType = sourcecode.swift; path = ProductDetailRepository.swift; sourceTree = "<group>"; };
		C77EC6A917CC1879832F37B6 /* Pods-MLMini.release.xcconfig */ = {isa = PBXFileReference; includeInIndex = 1; lastKnownFileType = text.xcconfig; name = "Pods-MLMini.release.xcconfig"; path = "Target Support Files/Pods-MLMini/Pods-MLMini.release.xcconfig"; sourceTree = "<group>"; };
		D94DCC6B2A3F9FFE00E559AD /* MLMiniMainCoordinator.swift */ = {isa = PBXFileReference; lastKnownFileType = sourcecode.swift; path = MLMiniMainCoordinator.swift; sourceTree = "<group>"; };
		D94DCC6E2A3FA0EE00E559AD /* MLMiniMainCoordinatorTests.swift */ = {isa = PBXFileReference; lastKnownFileType = sourcecode.swift; path = MLMiniMainCoordinatorTests.swift; sourceTree = "<group>"; };
		D94DCC702A3FABF800E559AD /* MLMiniMainCoordinatorSpy.swift */ = {isa = PBXFileReference; lastKnownFileType = sourcecode.swift; path = MLMiniMainCoordinatorSpy.swift; sourceTree = "<group>"; };
		D94DCC7C2A43A3B000E559AD /* StringLocalizables+Extension.swift */ = {isa = PBXFileReference; lastKnownFileType = sourcecode.swift; path = "StringLocalizables+Extension.swift"; sourceTree = "<group>"; };
		D94DCC912A43AA0F00E559AD /* en */ = {isa = PBXFileReference; lastKnownFileType = text.plist.strings; name = en; path = en.lproj/Localizable.strings; sourceTree = "<group>"; };
		D94DCC932A43AA2000E559AD /* es */ = {isa = PBXFileReference; lastKnownFileType = text.plist.strings; name = es; path = es.lproj/Localizable.strings; sourceTree = "<group>"; };
		D94DCC942A43AAA500E559AD /* MLLocalizables.swift */ = {isa = PBXFileReference; lastKnownFileType = sourcecode.swift; path = MLLocalizables.swift; sourceTree = "<group>"; };
		D94DCC972A43C6AD00E559AD /* ProductDetailCarouselView.swift */ = {isa = PBXFileReference; lastKnownFileType = sourcecode.swift; path = ProductDetailCarouselView.swift; sourceTree = "<group>"; };
		D94DCC992A43F84B00E559AD /* ImageCardView.swift */ = {isa = PBXFileReference; lastKnownFileType = sourcecode.swift; path = ImageCardView.swift; sourceTree = "<group>"; };
		D953FBC32A3527ED00D2C775 /* SearchView.swift */ = {isa = PBXFileReference; lastKnownFileType = sourcecode.swift; path = SearchView.swift; sourceTree = "<group>"; };
		D953FBC52A36711F00D2C775 /* SearchViewViewModel.swift */ = {isa = PBXFileReference; lastKnownFileType = sourcecode.swift; path = SearchViewViewModel.swift; sourceTree = "<group>"; };
		D953FBC72A36858100D2C775 /* SearchViewBuilder.swift */ = {isa = PBXFileReference; lastKnownFileType = sourcecode.swift; path = SearchViewBuilder.swift; sourceTree = "<group>"; };
		D953FBC92A36B5A400D2C775 /* SearchViewControllerSwiftUIBridge.swift */ = {isa = PBXFileReference; lastKnownFileType = sourcecode.swift; path = SearchViewControllerSwiftUIBridge.swift; sourceTree = "<group>"; };
		D953FBCB2A36C3CC00D2C775 /* View+Extension.swift */ = {isa = PBXFileReference; lastKnownFileType = sourcecode.swift; path = "View+Extension.swift"; sourceTree = "<group>"; };
		D953FBD32A36C71300D2C775 /* MLMiniTextField.swift */ = {isa = PBXFileReference; lastKnownFileType = sourcecode.swift; path = MLMiniTextField.swift; sourceTree = "<group>"; };
		D953FBD62A36C77B00D2C775 /* MLButton.swift */ = {isa = PBXFileReference; lastKnownFileType = sourcecode.swift; path = MLButton.swift; sourceTree = "<group>"; };
		D953FBD82A37E49500D2C775 /* MLGenericFeedbackScreenComponent.swift */ = {isa = PBXFileReference; lastKnownFileType = sourcecode.swift; path = MLGenericFeedbackScreenComponent.swift; sourceTree = "<group>"; };
		D953FBDD2A3A7AF400D2C775 /* MLImage.swift */ = {isa = PBXFileReference; lastKnownFileType = sourcecode.swift; path = MLImage.swift; sourceTree = "<group>"; };
		D953FBE02A3ABDAA00D2C775 /* MLGenericFeedbackScreenFactory.swift */ = {isa = PBXFileReference; lastKnownFileType = sourcecode.swift; path = MLGenericFeedbackScreenFactory.swift; sourceTree = "<group>"; };
		D953FBE22A3BC75A00D2C775 /* MLGenericFeedbackModel.swift */ = {isa = PBXFileReference; lastKnownFileType = sourcecode.swift; path = MLGenericFeedbackModel.swift; sourceTree = "<group>"; };
		D953FBE52A3BFF0100D2C775 /* HTTPMethod.swift */ = {isa = PBXFileReference; lastKnownFileType = sourcecode.swift; path = HTTPMethod.swift; sourceTree = "<group>"; };
		D953FBE72A3BFF2F00D2C775 /* Endpoint.swift */ = {isa = PBXFileReference; lastKnownFileType = sourcecode.swift; path = Endpoint.swift; sourceTree = "<group>"; };
		D953FBE92A3C0D2100D2C775 /* MLEnvironment.swift */ = {isa = PBXFileReference; lastKnownFileType = sourcecode.swift; path = MLEnvironment.swift; sourceTree = "<group>"; };
		D953FBEB2A3C0D4400D2C775 /* MLPath.swift */ = {isa = PBXFileReference; lastKnownFileType = sourcecode.swift; path = MLPath.swift; sourceTree = "<group>"; };
		D953FBED2A3C250900D2C775 /* ProductListBuilder.swift */ = {isa = PBXFileReference; lastKnownFileType = sourcecode.swift; path = ProductListBuilder.swift; sourceTree = "<group>"; };
		D953FBF32A3D339800D2C775 /* ProductListCoordinatorTests.swift */ = {isa = PBXFileReference; lastKnownFileType = sourcecode.swift; path = ProductListCoordinatorTests.swift; sourceTree = "<group>"; };
		D953FBF52A3D452C00D2C775 /* ProductListBuilderTests.swift */ = {isa = PBXFileReference; lastKnownFileType = sourcecode.swift; path = ProductListBuilderTests.swift; sourceTree = "<group>"; };
		D953FBFA2A3D4A1100D2C775 /* MLGenericFeedbackScreenComponentSnapshotTests.swift */ = {isa = PBXFileReference; lastKnownFileType = sourcecode.swift; path = MLGenericFeedbackScreenComponentSnapshotTests.swift; sourceTree = "<group>"; };
		D953FBFE2A3D558800D2C775 /* MLBaseSnapshotTests.swift */ = {isa = PBXFileReference; lastKnownFileType = sourcecode.swift; path = MLBaseSnapshotTests.swift; sourceTree = "<group>"; };
		D953FC022A3D654000D2C775 /* SearchViewSnapshotTests.swift */ = {isa = PBXFileReference; lastKnownFileType = sourcecode.swift; path = SearchViewSnapshotTests.swift; sourceTree = "<group>"; };
		D953FC062A3D694200D2C775 /* MLButtonSnapshotTests.swift */ = {isa = PBXFileReference; lastKnownFileType = sourcecode.swift; path = MLButtonSnapshotTests.swift; sourceTree = "<group>"; };
		D953FC092A3D6F8000D2C775 /* MLMiniTextFieldSnapshotTests.swift */ = {isa = PBXFileReference; lastKnownFileType = sourcecode.swift; path = MLMiniTextFieldSnapshotTests.swift; sourceTree = "<group>"; };
		D96DF6732A4E9D84000F40C1 /* MLSpacings.swift */ = {isa = PBXFileReference; lastKnownFileType = sourcecode.swift; path = MLSpacings.swift; sourceTree = "<group>"; };
		D96DF6752A4EAE3D000F40C1 /* SellerQualityMeter.swift */ = {isa = PBXFileReference; lastKnownFileType = sourcecode.swift; path = SellerQualityMeter.swift; sourceTree = "<group>"; };
		D97D62702A465B5300A81D6B /* ProductDetailRepositoryTests.swift */ = {isa = PBXFileReference; lastKnownFileType = sourcecode.swift; path = ProductDetailRepositoryTests.swift; sourceTree = "<group>"; };
		D97D62732A465C5E00A81D6B /* ItemResponseModelMock.swift */ = {isa = PBXFileReference; lastKnownFileType = sourcecode.swift; path = ItemResponseModelMock.swift; sourceTree = "<group>"; };
		D97D62752A467D4300A81D6B /* ProductDetailBuilder.swift */ = {isa = PBXFileReference; lastKnownFileType = sourcecode.swift; path = ProductDetailBuilder.swift; sourceTree = "<group>"; };
		D97D62792A46913500A81D6B /* ItemRowDomainModel.swift */ = {isa = PBXFileReference; lastKnownFileType = sourcecode.swift; path = ItemRowDomainModel.swift; sourceTree = "<group>"; };
		D97D627B2A47A0A900A81D6B /* MLButtonStyle.swift */ = {isa = PBXFileReference; lastKnownFileType = sourcecode.swift; path = MLButtonStyle.swift; sourceTree = "<group>"; };
		D97D627D2A4BCCC500A81D6B /* ProductDetailTopRow.swift */ = {isa = PBXFileReference; lastKnownFileType = sourcecode.swift; path = ProductDetailTopRow.swift; sourceTree = "<group>"; };
		D97D627F2A4BD60500A81D6B /* ProductDetailView.swift */ = {isa = PBXFileReference; lastKnownFileType = sourcecode.swift; path = ProductDetailView.swift; sourceTree = "<group>"; };
		D97D62812A4BD8E600A81D6B /* ProductDetailItemPricingSection.swift */ = {isa = PBXFileReference; lastKnownFileType = sourcecode.swift; path = ProductDetailItemPricingSection.swift; sourceTree = "<group>"; };
		D97D62832A4BE9B100A81D6B /* ProductDetailDescriptionSection.swift */ = {isa = PBXFileReference; lastKnownFileType = sourcecode.swift; path = ProductDetailDescriptionSection.swift; sourceTree = "<group>"; };
		D97D62852A4BEC2B00A81D6B /* ProductDetailSellerSection.swift */ = {isa = PBXFileReference; lastKnownFileType = sourcecode.swift; path = ProductDetailSellerSection.swift; sourceTree = "<group>"; };
		D9A260742A4CE262009A0C99 /* ProductDetailViewModel.swift */ = {isa = PBXFileReference; lastKnownFileType = sourcecode.swift; path = ProductDetailViewModel.swift; sourceTree = "<group>"; };
		D9A260772A4CE9F8009A0C99 /* ProductDetailViewModelMock.swift */ = {isa = PBXFileReference; lastKnownFileType = sourcecode.swift; path = ProductDetailViewModelMock.swift; sourceTree = "<group>"; };
		D9A2607C2A4D0E3B009A0C99 /* ItemDescriptionInfraestructureModel.swift */ = {isa = PBXFileReference; lastKnownFileType = sourcecode.swift; path = ItemDescriptionInfraestructureModel.swift; sourceTree = "<group>"; };
		D9A2607E2A4D0E76009A0C99 /* ItemDescriptionDomainModel.swift */ = {isa = PBXFileReference; lastKnownFileType = sourcecode.swift; path = ItemDescriptionDomainModel.swift; sourceTree = "<group>"; };
		D9A260812A4D30A4009A0C99 /* MLUserInformationInfraestructureModel.swift */ = {isa = PBXFileReference; lastKnownFileType = sourcecode.swift; path = MLUserInformationInfraestructureModel.swift; sourceTree = "<group>"; };
		D9A260832A4D3163009A0C99 /* MLUserInformationDomainModel.swift */ = {isa = PBXFileReference; lastKnownFileType = sourcecode.swift; path = MLUserInformationDomainModel.swift; sourceTree = "<group>"; };
		D9A260852A4D45B5009A0C99 /* ProductDetailViewControllerSwiftUIBridge.swift */ = {isa = PBXFileReference; lastKnownFileType = sourcecode.swift; path = ProductDetailViewControllerSwiftUIBridge.swift; sourceTree = "<group>"; };
		E461482E23369128006080E4 /* ItemDetailInfraestructureModel.swift */ = {isa = PBXFileReference; lastKnownFileType = sourcecode.swift; path = ItemDetailInfraestructureModel.swift; sourceTree = "<group>"; };
		E495DFC2233A4B9A00E3A4C9 /* NetworkServiceManager.swift */ = {isa = PBXFileReference; lastKnownFileType = sourcecode.swift; path = NetworkServiceManager.swift; sourceTree = "<group>"; };
		E49F96062339108700AC4ECC /* SpinnerViewController.swift */ = {isa = PBXFileReference; lastKnownFileType = sourcecode.swift; path = SpinnerViewController.swift; sourceTree = "<group>"; };
		E4CB24C123346642003AB3D8 /* NumberExtension.swift */ = {isa = PBXFileReference; lastKnownFileType = sourcecode.swift; path = NumberExtension.swift; sourceTree = "<group>"; };
		E4D0525723325388009B4EDB /* MLMini.app */ = {isa = PBXFileReference; explicitFileType = wrapper.application; includeInIndex = 0; path = MLMini.app; sourceTree = BUILT_PRODUCTS_DIR; };
		E4D0525A23325388009B4EDB /* AppDelegate.swift */ = {isa = PBXFileReference; lastKnownFileType = sourcecode.swift; path = AppDelegate.swift; sourceTree = "<group>"; };
		E4D0525C23325388009B4EDB /* ProductListViewController.swift */ = {isa = PBXFileReference; lastKnownFileType = sourcecode.swift; path = ProductListViewController.swift; sourceTree = "<group>"; };
		E4D0525F23325388009B4EDB /* Base */ = {isa = PBXFileReference; lastKnownFileType = file.storyboard; name = Base; path = Base.lproj/Main.storyboard; sourceTree = "<group>"; };
		E4D052612332538D009B4EDB /* Assets.xcassets */ = {isa = PBXFileReference; lastKnownFileType = folder.assetcatalog; path = Assets.xcassets; sourceTree = "<group>"; };
		E4D052642332538D009B4EDB /* Base */ = {isa = PBXFileReference; lastKnownFileType = file.storyboard; name = Base; path = Base.lproj/LaunchScreen.storyboard; sourceTree = "<group>"; };
		E4D052662332538D009B4EDB /* Info.plist */ = {isa = PBXFileReference; lastKnownFileType = text.plist.xml; path = Info.plist; sourceTree = "<group>"; };
		E4D0529323328E8C009B4EDB /* ProductListInfraestructureModel.swift */ = {isa = PBXFileReference; lastKnownFileType = sourcecode.swift; path = ProductListInfraestructureModel.swift; sourceTree = "<group>"; };
		E4D0529823331117009B4EDB /* ProductViewCell.swift */ = {isa = PBXFileReference; lastKnownFileType = sourcecode.swift; path = ProductViewCell.swift; sourceTree = "<group>"; };
		E4D0529923331117009B4EDB /* ProductViewCell.xib */ = {isa = PBXFileReference; lastKnownFileType = file.xib; path = ProductViewCell.xib; sourceTree = "<group>"; };
		E4D0529E23331EF3009B4EDB /* NetworkError.swift */ = {isa = PBXFileReference; lastKnownFileType = sourcecode.swift; path = NetworkError.swift; sourceTree = "<group>"; };
		E4D052A12333356B009B4EDB /* SDWebImage.framework */ = {isa = PBXFileReference; lastKnownFileType = wrapper.framework; name = SDWebImage.framework; path = Carthage/Build/iOS/SDWebImage.framework; sourceTree = "<group>"; };
		E4D052A82333B464009B4EDB /* ProductDetailViewController.swift */ = {isa = PBXFileReference; lastKnownFileType = sourcecode.swift; path = ProductDetailViewController.swift; sourceTree = "<group>"; };
		E4D052AF2333CE79009B4EDB /* UIColorExtension.swift */ = {isa = PBXFileReference; lastKnownFileType = sourcecode.swift; path = UIColorExtension.swift; sourceTree = "<group>"; };
		E4D5D3522337BF4300883E8A /* ProductImageViewCell.swift */ = {isa = PBXFileReference; lastKnownFileType = sourcecode.swift; path = ProductImageViewCell.swift; sourceTree = "<group>"; };
		E4D5D3542337C94600883E8A /* MainDetailTableViewCell.swift */ = {isa = PBXFileReference; lastKnownFileType = sourcecode.swift; path = MainDetailTableViewCell.swift; sourceTree = "<group>"; };
		E4D5D3552337C94600883E8A /* MainDetailTableViewCell.xib */ = {isa = PBXFileReference; lastKnownFileType = file.xib; path = MainDetailTableViewCell.xib; sourceTree = "<group>"; };
		E4D5D35A2337E6B200883E8A /* BuyDetailTableViewCell.swift */ = {isa = PBXFileReference; lastKnownFileType = sourcecode.swift; path = BuyDetailTableViewCell.swift; sourceTree = "<group>"; };
		E4D5D35B2337E6B200883E8A /* BuyDetailTableViewCell.xib */ = {isa = PBXFileReference; lastKnownFileType = file.xib; path = BuyDetailTableViewCell.xib; sourceTree = "<group>"; };
		E4FB0DFB29ABD3AB004DE58F /* UIViewController+Extension.swift */ = {isa = PBXFileReference; lastKnownFileType = sourcecode.swift; path = "UIViewController+Extension.swift"; sourceTree = "<group>"; };
/* End PBXFileReference section */

/* Begin PBXFrameworksBuildPhase section */
		C6F012D725FDC76C00BBE3CC /* Frameworks */ = {
			isa = PBXFrameworksBuildPhase;
			buildActionMask = 2147483647;
			files = (
				4246C4D3F7B2DC54EC06EBDE /* Pods_MLMiniTests.framework in Frameworks */,
			);
			runOnlyForDeploymentPostprocessing = 0;
		};
		E4D0525423325388009B4EDB /* Frameworks */ = {
			isa = PBXFrameworksBuildPhase;
			buildActionMask = 2147483647;
			files = (
				D01454B5BE47C76FC4DDA453 /* Pods_MLMini.framework in Frameworks */,
			);
			runOnlyForDeploymentPostprocessing = 0;
		};
/* End PBXFrameworksBuildPhase section */

/* Begin PBXGroup section */
		AA18E5CAE7B6FB57C1DFF62C /* Pods */ = {
			isa = PBXGroup;
			children = (
				0928AF62A7DB132977922ED7 /* Pods-MLMini.debug.xcconfig */,
				C77EC6A917CC1879832F37B6 /* Pods-MLMini.release.xcconfig */,
				7E793701A753B4BBB129D0D5 /* Pods-MLMiniTests.debug.xcconfig */,
				6D0A64802C1BD34D0C11258E /* Pods-MLMiniTests.release.xcconfig */,
			);
			path = Pods;
			sourceTree = "<group>";
		};
		C6F012DB25FDC76C00BBE3CC /* MLMiniTests */ = {
			isa = PBXGroup;
			children = (
				D94DCC6D2A3FA0E000E559AD /* Core */,
				D953FC012A3D634B00D2C775 /* Screens */,
				D953FBFC2A3D556D00D2C775 /* Utils */,
				D953FBF72A3D49B800D2C775 /* UIComponents */,
				C6F0132125FE987400BBE3CC /* Services */,
				C6F0130E25FE682E00BBE3CC /* Resources */,
				C6F012F125FE336900BBE3CC /* Commons */,
				C6F012DC25FDC76C00BBE3CC /* MLMiniTests.swift */,
				C6F012DE25FDC76C00BBE3CC /* Info.plist */,
			);
			path = MLMiniTests;
			sourceTree = "<group>";
		};
		C6F012F125FE336900BBE3CC /* Commons */ = {
			isa = PBXGroup;
			children = (
				C6F012FC25FE3C4000BBE3CC /* MockSwift.swift */,
			);
			path = Commons;
			sourceTree = "<group>";
		};
		C6F012F625FE3B0700BBE3CC /* ProductTableView */ = {
			isa = PBXGroup;
			children = (
				C6F0130025FE3F4A00BBE3CC /* Mocks */,
				C6F012F725FE3B1B00BBE3CC /* ProductListPresenterTests.swift */,
				C6F0131325FE6A3F00BBE3CC /* APIResponseModelTests.swift */,
				C6F0131E25FE955700BBE3CC /* ProductListRepositoryTests.swift */,
				D953FBF32A3D339800D2C775 /* ProductListCoordinatorTests.swift */,
				D953FBF52A3D452C00D2C775 /* ProductListBuilderTests.swift */,
			);
			path = ProductTableView;
			sourceTree = "<group>";
		};
		C6F0130025FE3F4A00BBE3CC /* Mocks */ = {
			isa = PBXGroup;
			children = (
				C6F0130125FE3F5900BBE3CC /* ProductListViewProtocolMock.swift */,
				C6F0130525FE41E000BBE3CC /* ProductListRepositorySpy.swift */,
				C6F0130825FE46B900BBE3CC /* ApiResponseModelMock.swift */,
				C6F0130B25FE473000BBE3CC /* ProductListRepositoryMock.swift */,
			);
			path = Mocks;
			sourceTree = "<group>";
		};
		C6F0130E25FE682E00BBE3CC /* Resources */ = {
			isa = PBXGroup;
			children = (
				C6F0130F25FE687300BBE3CC /* ProductListModel.json */,
			);
			path = Resources;
			sourceTree = "<group>";
		};
		C6F0132125FE987400BBE3CC /* Services */ = {
			isa = PBXGroup;
			children = (
				C6F0132225FE988600BBE3CC /* ServiceManagerMock.swift */,
			);
			path = Services;
			sourceTree = "<group>";
		};
		D94DCC692A3F9FDC00E559AD /* Core */ = {
			isa = PBXGroup;
			children = (
				D94DCC6A2A3F9FE800E559AD /* MainCoordinator */,
			);
			path = Core;
			sourceTree = "<group>";
		};
		D94DCC6A2A3F9FE800E559AD /* MainCoordinator */ = {
			isa = PBXGroup;
			children = (
				D94DCC6B2A3F9FFE00E559AD /* MLMiniMainCoordinator.swift */,
			);
			path = MainCoordinator;
			sourceTree = "<group>";
		};
		D94DCC6D2A3FA0E000E559AD /* Core */ = {
			isa = PBXGroup;
			children = (
				D94DCC6E2A3FA0EE00E559AD /* MLMiniMainCoordinatorTests.swift */,
				D94DCC702A3FABF800E559AD /* MLMiniMainCoordinatorSpy.swift */,
			);
			path = Core;
			sourceTree = "<group>";
		};
		D94DCC772A439F4E00E559AD /* Localization */ = {
			isa = PBXGroup;
			children = (
				D94DCC922A43AA0F00E559AD /* Localizable.strings */,
				D94DCC942A43AAA500E559AD /* MLLocalizables.swift */,
			);
			path = Localization;
			sourceTree = "<group>";
		};
		D94DCC962A43C67300E559AD /* SwiftUI */ = {
			isa = PBXGroup;
			children = (
				D9A260762A4CE9D7009A0C99 /* Mocks */,
				D9A260732A4CDFF5009A0C99 /* CustomViews */,
				D97D627F2A4BD60500A81D6B /* ProductDetailView.swift */,
				D9A260742A4CE262009A0C99 /* ProductDetailViewModel.swift */,
				D9A260852A4D45B5009A0C99 /* ProductDetailViewControllerSwiftUIBridge.swift */,
			);
			path = SwiftUI;
			sourceTree = "<group>";
		};
		D953FBCD2A36C44900D2C775 /* UIComponents */ = {
			isa = PBXGroup;
			children = (
				D953FBCF2A36C46E00D2C775 /* UIKit */,
				D953FBCE2A36C46700D2C775 /* SwiftUI */,
			);
			path = UIComponents;
			sourceTree = "<group>";
		};
		D953FBCE2A36C46700D2C775 /* SwiftUI */ = {
			isa = PBXGroup;
			children = (
				D953FBD52A36C75A00D2C775 /* Button */,
				D953FBD22A36C6F000D2C775 /* TextField */,
			);
			path = SwiftUI;
			sourceTree = "<group>";
		};
		D953FBCF2A36C46E00D2C775 /* UIKit */ = {
			isa = PBXGroup;
			children = (
				D953FBDF2A3AA24E00D2C775 /* GenericFeedbackScreen */,
				E4D052AB2333B4CE009B4EDB /* Cells */,
			);
			path = UIKit;
			sourceTree = "<group>";
		};
		D953FBD22A36C6F000D2C775 /* TextField */ = {
			isa = PBXGroup;
			children = (
				D953FBD32A36C71300D2C775 /* MLMiniTextField.swift */,
			);
			path = TextField;
			sourceTree = "<group>";
		};
		D953FBD52A36C75A00D2C775 /* Button */ = {
			isa = PBXGroup;
			children = (
				D953FBD62A36C77B00D2C775 /* MLButton.swift */,
				D97D627B2A47A0A900A81D6B /* MLButtonStyle.swift */,
			);
			path = Button;
			sourceTree = "<group>";
		};
		D953FBDC2A3A7AD100D2C775 /* Resources */ = {
			isa = PBXGroup;
			children = (
				D94DCC772A439F4E00E559AD /* Localization */,
				E4D052612332538D009B4EDB /* Assets.xcassets */,
				D953FBDD2A3A7AF400D2C775 /* MLImage.swift */,
				D96DF6732A4E9D84000F40C1 /* MLSpacings.swift */,
			);
			path = Resources;
			sourceTree = "<group>";
		};
		D953FBDF2A3AA24E00D2C775 /* GenericFeedbackScreen */ = {
			isa = PBXGroup;
			children = (
				D953FBD82A37E49500D2C775 /* MLGenericFeedbackScreenComponent.swift */,
				D953FBE02A3ABDAA00D2C775 /* MLGenericFeedbackScreenFactory.swift */,
				D953FBE22A3BC75A00D2C775 /* MLGenericFeedbackModel.swift */,
			);
			path = GenericFeedbackScreen;
			sourceTree = "<group>";
		};
		D953FBE42A3BFBF100D2C775 /* NetworkService */ = {
			isa = PBXGroup;
			children = (
				E495DFC2233A4B9A00E3A4C9 /* NetworkServiceManager.swift */,
				D953FBE52A3BFF0100D2C775 /* HTTPMethod.swift */,
				D953FBE72A3BFF2F00D2C775 /* Endpoint.swift */,
				D953FBE92A3C0D2100D2C775 /* MLEnvironment.swift */,
				D953FBEB2A3C0D4400D2C775 /* MLPath.swift */,
			);
			path = NetworkService;
			sourceTree = "<group>";
		};
		D953FBF72A3D49B800D2C775 /* UIComponents */ = {
			isa = PBXGroup;
			children = (
				D953FC042A3D688700D2C775 /* SwiftUI */,
				D953FBF82A3D49CC00D2C775 /* UIkit */,
			);
			path = UIComponents;
			sourceTree = "<group>";
		};
		D953FBF82A3D49CC00D2C775 /* UIkit */ = {
			isa = PBXGroup;
			children = (
				D953FBF92A3D49D300D2C775 /* GenericFeedbackScreen */,
			);
			path = UIkit;
			sourceTree = "<group>";
		};
		D953FBF92A3D49D300D2C775 /* GenericFeedbackScreen */ = {
			isa = PBXGroup;
			children = (
				D953FBFA2A3D4A1100D2C775 /* MLGenericFeedbackScreenComponentSnapshotTests.swift */,
			);
			path = GenericFeedbackScreen;
			sourceTree = "<group>";
		};
		D953FBFC2A3D556D00D2C775 /* Utils */ = {
			isa = PBXGroup;
			children = (
				D953FBFD2A3D557600D2C775 /* SnapshotTestingUtils */,
			);
			path = Utils;
			sourceTree = "<group>";
		};
		D953FBFD2A3D557600D2C775 /* SnapshotTestingUtils */ = {
			isa = PBXGroup;
			children = (
				D953FBFE2A3D558800D2C775 /* MLBaseSnapshotTests.swift */,
			);
			path = SnapshotTestingUtils;
			sourceTree = "<group>";
		};
		D953FC002A3D634000D2C775 /* SeachView */ = {
			isa = PBXGroup;
			children = (
				D953FC022A3D654000D2C775 /* SearchViewSnapshotTests.swift */,
			);
			path = SeachView;
			sourceTree = "<group>";
		};
		D953FC012A3D634B00D2C775 /* Screens */ = {
			isa = PBXGroup;
			children = (
				D97D626F2A465B0900A81D6B /* ProductDetailView */,
				C6F012F625FE3B0700BBE3CC /* ProductTableView */,
				D953FC002A3D634000D2C775 /* SeachView */,
			);
			path = Screens;
			sourceTree = "<group>";
		};
		D953FC042A3D688700D2C775 /* SwiftUI */ = {
			isa = PBXGroup;
			children = (
				D953FC082A3D6F6800D2C775 /* TextField */,
				D953FC052A3D68C100D2C775 /* Button */,
			);
			path = SwiftUI;
			sourceTree = "<group>";
		};
		D953FC052A3D68C100D2C775 /* Button */ = {
			isa = PBXGroup;
			children = (
				D953FC062A3D694200D2C775 /* MLButtonSnapshotTests.swift */,
			);
			path = Button;
			sourceTree = "<group>";
		};
		D953FC082A3D6F6800D2C775 /* TextField */ = {
			isa = PBXGroup;
			children = (
				D953FC092A3D6F8000D2C775 /* MLMiniTextFieldSnapshotTests.swift */,
			);
			path = TextField;
			sourceTree = "<group>";
		};
		D97D626F2A465B0900A81D6B /* ProductDetailView */ = {
			isa = PBXGroup;
			children = (
				D97D62722A465C5100A81D6B /* Mocks */,
				D97D62702A465B5300A81D6B /* ProductDetailRepositoryTests.swift */,
			);
			path = ProductDetailView;
			sourceTree = "<group>";
		};
		D97D62722A465C5100A81D6B /* Mocks */ = {
			isa = PBXGroup;
			children = (
				D97D62732A465C5E00A81D6B /* ItemResponseModelMock.swift */,
			);
			path = Mocks;
			sourceTree = "<group>";
		};
		D97D62772A4685E400A81D6B /* Model */ = {
			isa = PBXGroup;
			children = (
				D9A260802A4D308F009A0C99 /* UserInformation */,
				D9A2607B2A4D0E1E009A0C99 /* ItemDescription */,
				D9A2607A2A4D0E0D009A0C99 /* ItemDetail */,
			);
			path = Model;
			sourceTree = "<group>";
		};
		D97D62782A4686D700A81D6B /* Model */ = {
			isa = PBXGroup;
			children = (
				E4D0529323328E8C009B4EDB /* ProductListInfraestructureModel.swift */,
				D97D62792A46913500A81D6B /* ItemRowDomainModel.swift */,
			);
			path = Model;
			sourceTree = "<group>";
		};
		D9A260722A4CDFDB009A0C99 /* SellerSection */ = {
			isa = PBXGroup;
			children = (
				D97D62852A4BEC2B00A81D6B /* ProductDetailSellerSection.swift */,
				D96DF6752A4EAE3D000F40C1 /* SellerQualityMeter.swift */,
			);
			path = SellerSection;
			sourceTree = "<group>";
		};
		D9A260732A4CDFF5009A0C99 /* CustomViews */ = {
			isa = PBXGroup;
			children = (
				D97D627D2A4BCCC500A81D6B /* ProductDetailTopRow.swift */,
				D94DCC992A43F84B00E559AD /* ImageCardView.swift */,
				D94DCC972A43C6AD00E559AD /* ProductDetailCarouselView.swift */,
				D97D62812A4BD8E600A81D6B /* ProductDetailItemPricingSection.swift */,
				D97D62832A4BE9B100A81D6B /* ProductDetailDescriptionSection.swift */,
				D9A260722A4CDFDB009A0C99 /* SellerSection */,
			);
			path = CustomViews;
			sourceTree = "<group>";
		};
		D9A260762A4CE9D7009A0C99 /* Mocks */ = {
			isa = PBXGroup;
			children = (
				D9A260772A4CE9F8009A0C99 /* ProductDetailViewModelMock.swift */,
			);
			path = Mocks;
			sourceTree = "<group>";
		};
		D9A2607A2A4D0E0D009A0C99 /* ItemDetail */ = {
			isa = PBXGroup;
			children = (
				C6E2C8112512E86E009687CC /* ItemDetailDomainModel.swift */,
				E461482E23369128006080E4 /* ItemDetailInfraestructureModel.swift */,
			);
			path = ItemDetail;
			sourceTree = "<group>";
		};
		D9A2607B2A4D0E1E009A0C99 /* ItemDescription */ = {
			isa = PBXGroup;
			children = (
				D9A2607C2A4D0E3B009A0C99 /* ItemDescriptionInfraestructureModel.swift */,
				D9A2607E2A4D0E76009A0C99 /* ItemDescriptionDomainModel.swift */,
			);
			path = ItemDescription;
			sourceTree = "<group>";
		};
		D9A260802A4D308F009A0C99 /* UserInformation */ = {
			isa = PBXGroup;
			children = (
				D9A260812A4D30A4009A0C99 /* MLUserInformationInfraestructureModel.swift */,
				D9A260832A4D3163009A0C99 /* MLUserInformationDomainModel.swift */,
			);
			path = UserInformation;
			sourceTree = "<group>";
		};
		E49F96052339107500AC4ECC /* Extras */ = {
			isa = PBXGroup;
			children = (
				E49F96062339108700AC4ECC /* SpinnerViewController.swift */,
				E4D0529E23331EF3009B4EDB /* NetworkError.swift */,
			);
			path = Extras;
			sourceTree = "<group>";
		};
		E4D0524E23325388009B4EDB = {
			isa = PBXGroup;
			children = (
				E4D0525923325388009B4EDB /* MLMini */,
				C6F012DB25FDC76C00BBE3CC /* MLMiniTests */,
				E4D0525823325388009B4EDB /* Products */,
				E4D052A02333356B009B4EDB /* Frameworks */,
				AA18E5CAE7B6FB57C1DFF62C /* Pods */,
			);
			sourceTree = "<group>";
		};
		E4D0525823325388009B4EDB /* Products */ = {
			isa = PBXGroup;
			children = (
				E4D0525723325388009B4EDB /* MLMini.app */,
				C6F012DA25FDC76C00BBE3CC /* MLMiniTests.xctest */,
			);
			name = Products;
			sourceTree = "<group>";
		};
		E4D0525923325388009B4EDB /* MLMini */ = {
			isa = PBXGroup;
			children = (
				D94DCC692A3F9FDC00E559AD /* Core */,
				D953FBDC2A3A7AD100D2C775 /* Resources */,
				D953FBCD2A36C44900D2C775 /* UIComponents */,
				E49F96052339107500AC4ECC /* Extras */,
				E4D052AE2333CE51009B4EDB /* Extensions */,
				E4D052AA2333B4AE009B4EDB /* Screens */,
				E4D05295233304F8009B4EDB /* Services */,
				E4D0525A23325388009B4EDB /* AppDelegate.swift */,
				E4D0525E23325388009B4EDB /* Main.storyboard */,
				E4D052632332538D009B4EDB /* LaunchScreen.storyboard */,
				E4D052662332538D009B4EDB /* Info.plist */,
			);
			path = MLMini;
			sourceTree = "<group>";
		};
		E4D05295233304F8009B4EDB /* Services */ = {
			isa = PBXGroup;
			children = (
				D953FBE42A3BFBF100D2C775 /* NetworkService */,
			);
			path = Services;
			sourceTree = "<group>";
		};
		E4D052A02333356B009B4EDB /* Frameworks */ = {
			isa = PBXGroup;
			children = (
				E4D052A12333356B009B4EDB /* SDWebImage.framework */,
				ACADDCECD3DE60D361464AED /* Pods_MLMini.framework */,
				62B5827BB92C5D1116EA4B51 /* Pods_MLMiniTests.framework */,
			);
			name = Frameworks;
			sourceTree = "<group>";
		};
		E4D052AA2333B4AE009B4EDB /* Screens */ = {
			isa = PBXGroup;
			children = (
				E4D5D34D2336BFD700883E8A /* ProductDetailView */,
				E4D5D34C2336BFC100883E8A /* ProductTableView */,
				E4D5D34B2336BFAD00883E8A /* SeachView */,
			);
			path = Screens;
			sourceTree = "<group>";
		};
		E4D052AB2333B4CE009B4EDB /* Cells */ = {
			isa = PBXGroup;
			children = (
				E4D5D3592337E51200883E8A /* ProductTableView */,
				E4D5D3582337E4F200883E8A /* ProductDetailView */,
			);
			path = Cells;
			sourceTree = "<group>";
		};
		E4D052AE2333CE51009B4EDB /* Extensions */ = {
			isa = PBXGroup;
			children = (
				E4D052AF2333CE79009B4EDB /* UIColorExtension.swift */,
				E4CB24C123346642003AB3D8 /* NumberExtension.swift */,
				E4FB0DFB29ABD3AB004DE58F /* UIViewController+Extension.swift */,
				D953FBCB2A36C3CC00D2C775 /* View+Extension.swift */,
				D94DCC7C2A43A3B000E559AD /* StringLocalizables+Extension.swift */,
			);
			path = Extensions;
			sourceTree = "<group>";
		};
		E4D5D34B2336BFAD00883E8A /* SeachView */ = {
			isa = PBXGroup;
			children = (
				D953FBC32A3527ED00D2C775 /* SearchView.swift */,
				D953FBC52A36711F00D2C775 /* SearchViewViewModel.swift */,
				D953FBC72A36858100D2C775 /* SearchViewBuilder.swift */,
				D953FBC92A36B5A400D2C775 /* SearchViewControllerSwiftUIBridge.swift */,
			);
			path = SeachView;
			sourceTree = "<group>";
		};
		E4D5D34C2336BFC100883E8A /* ProductTableView */ = {
			isa = PBXGroup;
			children = (
				D97D62782A4686D700A81D6B /* Model */,
				E4D0525C23325388009B4EDB /* ProductListViewController.swift */,
				C6F6A7E62510476E00140EAD /* ProductListPresenter.swift */,
				C6F6A7E825104FFA00140EAD /* ProductListRepository.swift */,
				D953FBED2A3C250900D2C775 /* ProductListBuilder.swift */,
			);
			path = ProductTableView;
			sourceTree = "<group>";
		};
		E4D5D34D2336BFD700883E8A /* ProductDetailView */ = {
			isa = PBXGroup;
			children = (
				D94DCC962A43C67300E559AD /* SwiftUI */,
				D97D62772A4685E400A81D6B /* Model */,
				E4D052A82333B464009B4EDB /* ProductDetailViewController.swift */,
				C6F6A7FD2512C7F400140EAD /* ProductDetailRepository.swift */,
				C6037D3C25254A6C000EB082 /* ProductDetailViewControllerCarrouselExtension.swift */,
				C6F6A7FB2512C7E700140EAD /* ProductDetailPresenter.swift */,
				D97D62752A467D4300A81D6B /* ProductDetailBuilder.swift */,
			);
			path = ProductDetailView;
			sourceTree = "<group>";
		};
		E4D5D3582337E4F200883E8A /* ProductDetailView */ = {
			isa = PBXGroup;
			children = (
				E4D5D3522337BF4300883E8A /* ProductImageViewCell.swift */,
				E4D5D3542337C94600883E8A /* MainDetailTableViewCell.swift */,
				E4D5D3552337C94600883E8A /* MainDetailTableViewCell.xib */,
				E4D5D35A2337E6B200883E8A /* BuyDetailTableViewCell.swift */,
				E4D5D35B2337E6B200883E8A /* BuyDetailTableViewCell.xib */,
			);
			path = ProductDetailView;
			sourceTree = "<group>";
		};
		E4D5D3592337E51200883E8A /* ProductTableView */ = {
			isa = PBXGroup;
			children = (
				E4D0529823331117009B4EDB /* ProductViewCell.swift */,
				E4D0529923331117009B4EDB /* ProductViewCell.xib */,
			);
			path = ProductTableView;
			sourceTree = "<group>";
		};
/* End PBXGroup section */

/* Begin PBXNativeTarget section */
		C6F012D925FDC76C00BBE3CC /* MLMiniTests */ = {
			isa = PBXNativeTarget;
			buildConfigurationList = C6F012E325FDC76C00BBE3CC /* Build configuration list for PBXNativeTarget "MLMiniTests" */;
			buildPhases = (
				2FDD61DCE9C8AF7FBA874422 /* [CP] Check Pods Manifest.lock */,
				C6F012D625FDC76C00BBE3CC /* Sources */,
				C6F012D725FDC76C00BBE3CC /* Frameworks */,
				C6F012D825FDC76C00BBE3CC /* Resources */,
				355E16E8DA8322467803D883 /* [CP] Embed Pods Frameworks */,
			);
			buildRules = (
			);
			dependencies = (
				C6F012E025FDC76C00BBE3CC /* PBXTargetDependency */,
			);
			name = MLMiniTests;
			productName = MLMiniTests;
			productReference = C6F012DA25FDC76C00BBE3CC /* MLMiniTests.xctest */;
			productType = "com.apple.product-type.bundle.unit-test";
		};
		E4D0525623325388009B4EDB /* MLMini */ = {
			isa = PBXNativeTarget;
			buildConfigurationList = E4D052692332538D009B4EDB /* Build configuration list for PBXNativeTarget "MLMini" */;
			buildPhases = (
				7924445671A80371F5BB0539 /* [CP] Check Pods Manifest.lock */,
				E4D0525323325388009B4EDB /* Sources */,
				E4D0525423325388009B4EDB /* Frameworks */,
				E4D0525523325388009B4EDB /* Resources */,
				E4D052A523333646009B4EDB /* CopyFiles */,
				10E66963D7C020983A7FE7B8 /* [CP] Embed Pods Frameworks */,
				D94DCC732A418A3500E559AD /* ShellScript */,
			);
			buildRules = (
			);
			dependencies = (
			);
			name = MLMini;
			productName = MLMini;
			productReference = E4D0525723325388009B4EDB /* MLMini.app */;
			productType = "com.apple.product-type.application";
		};
/* End PBXNativeTarget section */

/* Begin PBXProject section */
		E4D0524F23325388009B4EDB /* Project object */ = {
			isa = PBXProject;
			attributes = {
				LastSwiftUpdateCheck = 1200;
				LastUpgradeCheck = 1420;
				ORGANIZATIONNAME = ale;
				TargetAttributes = {
					C6F012D925FDC76C00BBE3CC = {
						CreatedOnToolsVersion = 12.0.1;
						TestTargetID = E4D0525623325388009B4EDB;
					};
					E4D0525623325388009B4EDB = {
						CreatedOnToolsVersion = 10.2.1;
					};
				};
			};
			buildConfigurationList = E4D0525223325388009B4EDB /* Build configuration list for PBXProject "MLMini" */;
			compatibilityVersion = "Xcode 9.3";
			developmentRegion = en;
			hasScannedForEncodings = 0;
			knownRegions = (
				en,
				Base,
				es,
			);
			mainGroup = E4D0524E23325388009B4EDB;
			productRefGroup = E4D0525823325388009B4EDB /* Products */;
			projectDirPath = "";
			projectRoot = "";
			targets = (
				E4D0525623325388009B4EDB /* MLMini */,
				C6F012D925FDC76C00BBE3CC /* MLMiniTests */,
			);
		};
/* End PBXProject section */

/* Begin PBXResourcesBuildPhase section */
		C6F012D825FDC76C00BBE3CC /* Resources */ = {
			isa = PBXResourcesBuildPhase;
			buildActionMask = 2147483647;
			files = (
				C6F0131025FE687300BBE3CC /* ProductListModel.json in Resources */,
			);
			runOnlyForDeploymentPostprocessing = 0;
		};
		E4D0525523325388009B4EDB /* Resources */ = {
			isa = PBXResourcesBuildPhase;
			buildActionMask = 2147483647;
			files = (
				E4D0529B23331117009B4EDB /* ProductViewCell.xib in Resources */,
				E4D052652332538D009B4EDB /* LaunchScreen.storyboard in Resources */,
				C6F0131625FE6FA100BBE3CC /* ProductListModel.json in Resources */,
				D94DCC902A43AA0F00E559AD /* Localizable.strings in Resources */,
				E4D5D3572337C94600883E8A /* MainDetailTableViewCell.xib in Resources */,
				E4D5D35D2337E6B200883E8A /* BuyDetailTableViewCell.xib in Resources */,
				E4D052622332538D009B4EDB /* Assets.xcassets in Resources */,
				E4D0526023325388009B4EDB /* Main.storyboard in Resources */,
			);
			runOnlyForDeploymentPostprocessing = 0;
		};
/* End PBXResourcesBuildPhase section */

/* Begin PBXShellScriptBuildPhase section */
		10E66963D7C020983A7FE7B8 /* [CP] Embed Pods Frameworks */ = {
			isa = PBXShellScriptBuildPhase;
			buildActionMask = 2147483647;
			files = (
			);
			inputFileListPaths = (
				"${PODS_ROOT}/Target Support Files/Pods-MLMini/Pods-MLMini-frameworks-${CONFIGURATION}-input-files.xcfilelist",
			);
			name = "[CP] Embed Pods Frameworks";
			outputFileListPaths = (
				"${PODS_ROOT}/Target Support Files/Pods-MLMini/Pods-MLMini-frameworks-${CONFIGURATION}-output-files.xcfilelist",
			);
			runOnlyForDeploymentPostprocessing = 0;
			shellPath = /bin/sh;
			shellScript = "\"${PODS_ROOT}/Target Support Files/Pods-MLMini/Pods-MLMini-frameworks.sh\"\n";
			showEnvVarsInLog = 0;
		};
		2FDD61DCE9C8AF7FBA874422 /* [CP] Check Pods Manifest.lock */ = {
			isa = PBXShellScriptBuildPhase;
			buildActionMask = 2147483647;
			files = (
			);
			inputFileListPaths = (
			);
			inputPaths = (
				"${PODS_PODFILE_DIR_PATH}/Podfile.lock",
				"${PODS_ROOT}/Manifest.lock",
			);
			name = "[CP] Check Pods Manifest.lock";
			outputFileListPaths = (
			);
			outputPaths = (
				"$(DERIVED_FILE_DIR)/Pods-MLMiniTests-checkManifestLockResult.txt",
			);
			runOnlyForDeploymentPostprocessing = 0;
			shellPath = /bin/sh;
			shellScript = "diff \"${PODS_PODFILE_DIR_PATH}/Podfile.lock\" \"${PODS_ROOT}/Manifest.lock\" > /dev/null\nif [ $? != 0 ] ; then\n    # print error to STDERR\n    echo \"error: The sandbox is not in sync with the Podfile.lock. Run 'pod install' or update your CocoaPods installation.\" >&2\n    exit 1\nfi\n# This output is used by Xcode 'outputs' to avoid re-running this script phase.\necho \"SUCCESS\" > \"${SCRIPT_OUTPUT_FILE_0}\"\n";
			showEnvVarsInLog = 0;
		};
		355E16E8DA8322467803D883 /* [CP] Embed Pods Frameworks */ = {
			isa = PBXShellScriptBuildPhase;
			buildActionMask = 2147483647;
			files = (
			);
			inputFileListPaths = (
				"${PODS_ROOT}/Target Support Files/Pods-MLMiniTests/Pods-MLMiniTests-frameworks-${CONFIGURATION}-input-files.xcfilelist",
			);
			name = "[CP] Embed Pods Frameworks";
			outputFileListPaths = (
				"${PODS_ROOT}/Target Support Files/Pods-MLMiniTests/Pods-MLMiniTests-frameworks-${CONFIGURATION}-output-files.xcfilelist",
			);
			runOnlyForDeploymentPostprocessing = 0;
			shellPath = /bin/sh;
			shellScript = "\"${PODS_ROOT}/Target Support Files/Pods-MLMiniTests/Pods-MLMiniTests-frameworks.sh\"\n";
			showEnvVarsInLog = 0;
		};
		7924445671A80371F5BB0539 /* [CP] Check Pods Manifest.lock */ = {
			isa = PBXShellScriptBuildPhase;
			buildActionMask = 2147483647;
			files = (
			);
			inputFileListPaths = (
			);
			inputPaths = (
				"${PODS_PODFILE_DIR_PATH}/Podfile.lock",
				"${PODS_ROOT}/Manifest.lock",
			);
			name = "[CP] Check Pods Manifest.lock";
			outputFileListPaths = (
			);
			outputPaths = (
				"$(DERIVED_FILE_DIR)/Pods-MLMini-checkManifestLockResult.txt",
			);
			runOnlyForDeploymentPostprocessing = 0;
			shellPath = /bin/sh;
			shellScript = "diff \"${PODS_PODFILE_DIR_PATH}/Podfile.lock\" \"${PODS_ROOT}/Manifest.lock\" > /dev/null\nif [ $? != 0 ] ; then\n    # print error to STDERR\n    echo \"error: The sandbox is not in sync with the Podfile.lock. Run 'pod install' or update your CocoaPods installation.\" >&2\n    exit 1\nfi\n# This output is used by Xcode 'outputs' to avoid re-running this script phase.\necho \"SUCCESS\" > \"${SCRIPT_OUTPUT_FILE_0}\"\n";
			showEnvVarsInLog = 0;
		};
		D94DCC732A418A3500E559AD /* ShellScript */ = {
			isa = PBXShellScriptBuildPhase;
			buildActionMask = 2147483647;
			files = (
			);
			inputFileListPaths = (
			);
			inputPaths = (
			);
			outputFileListPaths = (
			);
			outputPaths = (
			);
			runOnlyForDeploymentPostprocessing = 0;
			shellPath = /bin/sh;
			shellScript = "if [[ \"$(uname -m)\" == arm64 ]]; then\n    export PATH=\"/opt/homebrew/bin:$PATH\"\nfi\n\nif which swiftlint > /dev/null; then\n  swiftlint\nelse\n  echo \"warning: SwiftLint not installed, download from https://github.com/realm/SwiftLint\"\nfi\n";
		};
/* End PBXShellScriptBuildPhase section */

/* Begin PBXSourcesBuildPhase section */
		C6F012D625FDC76C00BBE3CC /* Sources */ = {
			isa = PBXSourcesBuildPhase;
			buildActionMask = 2147483647;
			files = (
				D953FC032A3D654000D2C775 /* SearchViewSnapshotTests.swift in Sources */,
				C6F012DD25FDC76C00BBE3CC /* MLMiniTests.swift in Sources */,
				C6F0130C25FE473000BBE3CC /* ProductListRepositoryMock.swift in Sources */,
				C6F0131425FE6A3F00BBE3CC /* APIResponseModelTests.swift in Sources */,
				C6F0130225FE3F5900BBE3CC /* ProductListViewProtocolMock.swift in Sources */,
				D94DCC712A3FABF800E559AD /* MLMiniMainCoordinatorSpy.swift in Sources */,
				C6F0131F25FE955700BBE3CC /* ProductListRepositoryTests.swift in Sources */,
				D97D62742A465C5E00A81D6B /* ItemResponseModelMock.swift in Sources */,
				C6F012FD25FE3C4000BBE3CC /* MockSwift.swift in Sources */,
				D953FBF62A3D452C00D2C775 /* ProductListBuilderTests.swift in Sources */,
				D953FBF42A3D339800D2C775 /* ProductListCoordinatorTests.swift in Sources */,
				D953FC0A2A3D6F8000D2C775 /* MLMiniTextFieldSnapshotTests.swift in Sources */,
				C6F012F825FE3B1B00BBE3CC /* ProductListPresenterTests.swift in Sources */,
				D97D62712A465B5300A81D6B /* ProductDetailRepositoryTests.swift in Sources */,
				D953FBFF2A3D558800D2C775 /* MLBaseSnapshotTests.swift in Sources */,
				D94DCC6F2A3FA0EE00E559AD /* MLMiniMainCoordinatorTests.swift in Sources */,
				C6F0130625FE41E000BBE3CC /* ProductListRepositorySpy.swift in Sources */,
				C6F0130925FE46B900BBE3CC /* ApiResponseModelMock.swift in Sources */,
				C6F0132325FE988600BBE3CC /* ServiceManagerMock.swift in Sources */,
				D953FBFB2A3D4A1100D2C775 /* MLGenericFeedbackScreenComponentSnapshotTests.swift in Sources */,
				D953FC072A3D694200D2C775 /* MLButtonSnapshotTests.swift in Sources */,
			);
			runOnlyForDeploymentPostprocessing = 0;
		};
		E4D0525323325388009B4EDB /* Sources */ = {
			isa = PBXSourcesBuildPhase;
			buildActionMask = 2147483647;
			files = (
				E4FB0DFC29ABD3AB004DE58F /* UIViewController+Extension.swift in Sources */,
				E4D5D3532337BF4300883E8A /* ProductImageViewCell.swift in Sources */,
				E49F96072339108700AC4ECC /* SpinnerViewController.swift in Sources */,
				D97D627A2A46913500A81D6B /* ItemRowDomainModel.swift in Sources */,
				D97D62822A4BD8E600A81D6B /* ProductDetailItemPricingSection.swift in Sources */,
				D9A260822A4D30A4009A0C99 /* MLUserInformationInfraestructureModel.swift in Sources */,
				D9A2607D2A4D0E3B009A0C99 /* ItemDescriptionInfraestructureModel.swift in Sources */,
				D9A260752A4CE262009A0C99 /* ProductDetailViewModel.swift in Sources */,
				D953FBE32A3BC75A00D2C775 /* MLGenericFeedbackModel.swift in Sources */,
				D953FBEA2A3C0D2100D2C775 /* MLEnvironment.swift in Sources */,
				D94DCC6C2A3F9FFE00E559AD /* MLMiniMainCoordinator.swift in Sources */,
				D94DCC952A43AAA500E559AD /* MLLocalizables.swift in Sources */,
				D953FBDE2A3A7AF400D2C775 /* MLImage.swift in Sources */,
				D9A2607F2A4D0E76009A0C99 /* ItemDescriptionDomainModel.swift in Sources */,
				D953FBEE2A3C250900D2C775 /* ProductListBuilder.swift in Sources */,
				D97D62762A467D4300A81D6B /* ProductDetailBuilder.swift in Sources */,
				D97D627C2A47A0A900A81D6B /* MLButtonStyle.swift in Sources */,
				C6E2C8122512E86E009687CC /* ItemDetailDomainModel.swift in Sources */,
				E4D0529A23331117009B4EDB /* ProductViewCell.swift in Sources */,
				D953FBD42A36C71300D2C775 /* MLMiniTextField.swift in Sources */,
				D96DF6742A4E9D84000F40C1 /* MLSpacings.swift in Sources */,
				D953FBE82A3BFF2F00D2C775 /* Endpoint.swift in Sources */,
				D953FBC62A36711F00D2C775 /* SearchViewViewModel.swift in Sources */,
				C6F6A7E925104FFA00140EAD /* ProductListRepository.swift in Sources */,
				D953FBD72A36C77B00D2C775 /* MLButton.swift in Sources */,
				E4D0525D23325388009B4EDB /* ProductListViewController.swift in Sources */,
				C6037D3D25254A6C000EB082 /* ProductDetailViewControllerCarrouselExtension.swift in Sources */,
				D953FBE12A3ABDAA00D2C775 /* MLGenericFeedbackScreenFactory.swift in Sources */,
				E461482F23369128006080E4 /* ItemDetailInfraestructureModel.swift in Sources */,
				D953FBEC2A3C0D4400D2C775 /* MLPath.swift in Sources */,
				D953FBCA2A36B5A400D2C775 /* SearchViewControllerSwiftUIBridge.swift in Sources */,
				E4D052A92333B464009B4EDB /* ProductDetailViewController.swift in Sources */,
				D97D62842A4BE9B100A81D6B /* ProductDetailDescriptionSection.swift in Sources */,
				D953FBCC2A36C3CC00D2C775 /* View+Extension.swift in Sources */,
				E4CB24C223346642003AB3D8 /* NumberExtension.swift in Sources */,
				E4D5D35C2337E6B200883E8A /* BuyDetailTableViewCell.swift in Sources */,
				E4D0525B23325388009B4EDB /* AppDelegate.swift in Sources */,
				D97D62862A4BEC2B00A81D6B /* ProductDetailSellerSection.swift in Sources */,
				D953FBC42A3527ED00D2C775 /* SearchView.swift in Sources */,
				D953FBD92A37E49500D2C775 /* MLGenericFeedbackScreenComponent.swift in Sources */,
				D94DCC7D2A43A3B000E559AD /* StringLocalizables+Extension.swift in Sources */,
				C6F6A7FE2512C7F400140EAD /* ProductDetailRepository.swift in Sources */,
				E4D052B02333CE79009B4EDB /* UIColorExtension.swift in Sources */,
				D97D627E2A4BCCC500A81D6B /* ProductDetailTopRow.swift in Sources */,
				D953FBC82A36858100D2C775 /* SearchViewBuilder.swift in Sources */,
				E495DFC3233A4B9A00E3A4C9 /* NetworkServiceManager.swift in Sources */,
				D96DF6762A4EAE3D000F40C1 /* SellerQualityMeter.swift in Sources */,
				D97D62802A4BD60500A81D6B /* ProductDetailView.swift in Sources */,
				E4D5D3562337C94600883E8A /* MainDetailTableViewCell.swift in Sources */,
				D953FBE62A3BFF0100D2C775 /* HTTPMethod.swift in Sources */,
				C6F6A7E72510476E00140EAD /* ProductListPresenter.swift in Sources */,
				D9A260862A4D45B5009A0C99 /* ProductDetailViewControllerSwiftUIBridge.swift in Sources */,
				C6F6A7FC2512C7E700140EAD /* ProductDetailPresenter.swift in Sources */,
				D94DCC982A43C6AD00E559AD /* ProductDetailCarouselView.swift in Sources */,
				D94DCC9A2A43F84B00E559AD /* ImageCardView.swift in Sources */,
				D9A260842A4D3163009A0C99 /* MLUserInformationDomainModel.swift in Sources */,
				E4D0529F23331EF3009B4EDB /* NetworkError.swift in Sources */,
				D9A260782A4CE9F8009A0C99 /* ProductDetailViewModelMock.swift in Sources */,
				E4D0529423328E8C009B4EDB /* ProductListInfraestructureModel.swift in Sources */,
			);
			runOnlyForDeploymentPostprocessing = 0;
		};
/* End PBXSourcesBuildPhase section */

/* Begin PBXTargetDependency section */
		C6F012E025FDC76C00BBE3CC /* PBXTargetDependency */ = {
			isa = PBXTargetDependency;
			target = E4D0525623325388009B4EDB /* MLMini */;
			targetProxy = C6F012DF25FDC76C00BBE3CC /* PBXContainerItemProxy */;
		};
/* End PBXTargetDependency section */

/* Begin PBXVariantGroup section */
		D94DCC922A43AA0F00E559AD /* Localizable.strings */ = {
			isa = PBXVariantGroup;
			children = (
				D94DCC912A43AA0F00E559AD /* en */,
				D94DCC932A43AA2000E559AD /* es */,
			);
			name = Localizable.strings;
			sourceTree = "<group>";
		};
		E4D0525E23325388009B4EDB /* Main.storyboard */ = {
			isa = PBXVariantGroup;
			children = (
				E4D0525F23325388009B4EDB /* Base */,
			);
			name = Main.storyboard;
			sourceTree = "<group>";
		};
		E4D052632332538D009B4EDB /* LaunchScreen.storyboard */ = {
			isa = PBXVariantGroup;
			children = (
				E4D052642332538D009B4EDB /* Base */,
			);
			name = LaunchScreen.storyboard;
			sourceTree = "<group>";
		};
/* End PBXVariantGroup section */

/* Begin XCBuildConfiguration section */
		C6F012E125FDC76C00BBE3CC /* Debug */ = {
			isa = XCBuildConfiguration;
			baseConfigurationReference = 7E793701A753B4BBB129D0D5 /* Pods-MLMiniTests.debug.xcconfig */;
			buildSettings = {
				BUNDLE_LOADER = "$(TEST_HOST)";
				CLANG_WARN_QUOTED_INCLUDE_IN_FRAMEWORK_HEADER = YES;
				CODE_SIGN_STYLE = Automatic;
				DEVELOPMENT_TEAM = 9F49N853DV;
				INFOPLIST_FILE = MLMiniTests/Info.plist;
				IPHONEOS_DEPLOYMENT_TARGET = 15.0;
				LD_RUNPATH_SEARCH_PATHS = (
					"$(inherited)",
					"@executable_path/Frameworks",
					"@loader_path/Frameworks",
				);
				PRODUCT_BUNDLE_IDENTIFIER = com.ale.MLMiniTests;
				PRODUCT_NAME = "$(TARGET_NAME)";
				SWIFT_VERSION = 5.0;
				TARGETED_DEVICE_FAMILY = "1,2";
				TEST_HOST = "$(BUILT_PRODUCTS_DIR)/MLMini.app/MLMini";
			};
			name = Debug;
		};
		C6F012E225FDC76C00BBE3CC /* Release */ = {
			isa = XCBuildConfiguration;
			baseConfigurationReference = 6D0A64802C1BD34D0C11258E /* Pods-MLMiniTests.release.xcconfig */;
			buildSettings = {
				BUNDLE_LOADER = "$(TEST_HOST)";
				CLANG_WARN_QUOTED_INCLUDE_IN_FRAMEWORK_HEADER = YES;
				CODE_SIGN_STYLE = Automatic;
				DEVELOPMENT_TEAM = 9F49N853DV;
				INFOPLIST_FILE = MLMiniTests/Info.plist;
				IPHONEOS_DEPLOYMENT_TARGET = 15.0;
				LD_RUNPATH_SEARCH_PATHS = (
					"$(inherited)",
					"@executable_path/Frameworks",
					"@loader_path/Frameworks",
				);
				PRODUCT_BUNDLE_IDENTIFIER = com.ale.MLMiniTests;
				PRODUCT_NAME = "$(TARGET_NAME)";
				SWIFT_VERSION = 5.0;
				TARGETED_DEVICE_FAMILY = "1,2";
				TEST_HOST = "$(BUILT_PRODUCTS_DIR)/MLMini.app/MLMini";
			};
			name = Release;
		};
		E4D052672332538D009B4EDB /* Debug */ = {
			isa = XCBuildConfiguration;
			buildSettings = {
				ALWAYS_SEARCH_USER_PATHS = NO;
				CLANG_ANALYZER_LOCALIZABILITY_NONLOCALIZED = YES;
				CLANG_ANALYZER_NONNULL = YES;
				CLANG_ANALYZER_NUMBER_OBJECT_CONVERSION = YES_AGGRESSIVE;
				CLANG_CXX_LANGUAGE_STANDARD = "gnu++14";
				CLANG_CXX_LIBRARY = "libc++";
				CLANG_ENABLE_MODULES = YES;
				CLANG_ENABLE_OBJC_ARC = YES;
				CLANG_ENABLE_OBJC_WEAK = YES;
				CLANG_WARN_BLOCK_CAPTURE_AUTORELEASING = YES;
				CLANG_WARN_BOOL_CONVERSION = YES;
				CLANG_WARN_COMMA = YES;
				CLANG_WARN_CONSTANT_CONVERSION = YES;
				CLANG_WARN_DEPRECATED_OBJC_IMPLEMENTATIONS = YES;
				CLANG_WARN_DIRECT_OBJC_ISA_USAGE = YES_ERROR;
				CLANG_WARN_DOCUMENTATION_COMMENTS = YES;
				CLANG_WARN_EMPTY_BODY = YES;
				CLANG_WARN_ENUM_CONVERSION = YES;
				CLANG_WARN_INFINITE_RECURSION = YES;
				CLANG_WARN_INT_CONVERSION = YES;
				CLANG_WARN_NON_LITERAL_NULL_CONVERSION = YES;
				CLANG_WARN_OBJC_IMPLICIT_RETAIN_SELF = YES;
				CLANG_WARN_OBJC_LITERAL_CONVERSION = YES;
				CLANG_WARN_OBJC_ROOT_CLASS = YES_ERROR;
				CLANG_WARN_QUOTED_INCLUDE_IN_FRAMEWORK_HEADER = YES;
				CLANG_WARN_RANGE_LOOP_ANALYSIS = YES;
				CLANG_WARN_STRICT_PROTOTYPES = YES;
				CLANG_WARN_SUSPICIOUS_MOVE = YES;
				CLANG_WARN_UNGUARDED_AVAILABILITY = YES_AGGRESSIVE;
				CLANG_WARN_UNREACHABLE_CODE = YES;
				CLANG_WARN__DUPLICATE_METHOD_MATCH = YES;
				CODE_SIGN_IDENTITY = "iPhone Developer";
				COPY_PHASE_STRIP = NO;
				DEBUG_INFORMATION_FORMAT = dwarf;
				ENABLE_STRICT_OBJC_MSGSEND = YES;
				ENABLE_TESTABILITY = YES;
				GCC_C_LANGUAGE_STANDARD = gnu11;
				GCC_DYNAMIC_NO_PIC = NO;
				GCC_NO_COMMON_BLOCKS = YES;
				GCC_OPTIMIZATION_LEVEL = 0;
				GCC_PREPROCESSOR_DEFINITIONS = (
					"DEBUG=1",
					"$(inherited)",
				);
				GCC_WARN_64_TO_32_BIT_CONVERSION = YES;
				GCC_WARN_ABOUT_RETURN_TYPE = YES_ERROR;
				GCC_WARN_UNDECLARED_SELECTOR = YES;
				GCC_WARN_UNINITIALIZED_AUTOS = YES_AGGRESSIVE;
				GCC_WARN_UNUSED_FUNCTION = YES;
				GCC_WARN_UNUSED_VARIABLE = YES;
				IPHONEOS_DEPLOYMENT_TARGET = 15.0;
				MTL_ENABLE_DEBUG_INFO = INCLUDE_SOURCE;
				MTL_FAST_MATH = YES;
				ONLY_ACTIVE_ARCH = YES;
				SDKROOT = iphoneos;
				SWIFT_ACTIVE_COMPILATION_CONDITIONS = DEBUG;
				SWIFT_OPTIMIZATION_LEVEL = "-Onone";
			};
			name = Debug;
		};
		E4D052682332538D009B4EDB /* Release */ = {
			isa = XCBuildConfiguration;
			buildSettings = {
				ALWAYS_SEARCH_USER_PATHS = NO;
				CLANG_ANALYZER_LOCALIZABILITY_NONLOCALIZED = YES;
				CLANG_ANALYZER_NONNULL = YES;
				CLANG_ANALYZER_NUMBER_OBJECT_CONVERSION = YES_AGGRESSIVE;
				CLANG_CXX_LANGUAGE_STANDARD = "gnu++14";
				CLANG_CXX_LIBRARY = "libc++";
				CLANG_ENABLE_MODULES = YES;
				CLANG_ENABLE_OBJC_ARC = YES;
				CLANG_ENABLE_OBJC_WEAK = YES;
				CLANG_WARN_BLOCK_CAPTURE_AUTORELEASING = YES;
				CLANG_WARN_BOOL_CONVERSION = YES;
				CLANG_WARN_COMMA = YES;
				CLANG_WARN_CONSTANT_CONVERSION = YES;
				CLANG_WARN_DEPRECATED_OBJC_IMPLEMENTATIONS = YES;
				CLANG_WARN_DIRECT_OBJC_ISA_USAGE = YES_ERROR;
				CLANG_WARN_DOCUMENTATION_COMMENTS = YES;
				CLANG_WARN_EMPTY_BODY = YES;
				CLANG_WARN_ENUM_CONVERSION = YES;
				CLANG_WARN_INFINITE_RECURSION = YES;
				CLANG_WARN_INT_CONVERSION = YES;
				CLANG_WARN_NON_LITERAL_NULL_CONVERSION = YES;
				CLANG_WARN_OBJC_IMPLICIT_RETAIN_SELF = YES;
				CLANG_WARN_OBJC_LITERAL_CONVERSION = YES;
				CLANG_WARN_OBJC_ROOT_CLASS = YES_ERROR;
				CLANG_WARN_QUOTED_INCLUDE_IN_FRAMEWORK_HEADER = YES;
				CLANG_WARN_RANGE_LOOP_ANALYSIS = YES;
				CLANG_WARN_STRICT_PROTOTYPES = YES;
				CLANG_WARN_SUSPICIOUS_MOVE = YES;
				CLANG_WARN_UNGUARDED_AVAILABILITY = YES_AGGRESSIVE;
				CLANG_WARN_UNREACHABLE_CODE = YES;
				CLANG_WARN__DUPLICATE_METHOD_MATCH = YES;
				CODE_SIGN_IDENTITY = "iPhone Developer";
				COPY_PHASE_STRIP = NO;
				DEBUG_INFORMATION_FORMAT = "dwarf-with-dsym";
				ENABLE_NS_ASSERTIONS = NO;
				ENABLE_STRICT_OBJC_MSGSEND = YES;
				GCC_C_LANGUAGE_STANDARD = gnu11;
				GCC_NO_COMMON_BLOCKS = YES;
				GCC_WARN_64_TO_32_BIT_CONVERSION = YES;
				GCC_WARN_ABOUT_RETURN_TYPE = YES_ERROR;
				GCC_WARN_UNDECLARED_SELECTOR = YES;
				GCC_WARN_UNINITIALIZED_AUTOS = YES_AGGRESSIVE;
				GCC_WARN_UNUSED_FUNCTION = YES;
				GCC_WARN_UNUSED_VARIABLE = YES;
				IPHONEOS_DEPLOYMENT_TARGET = 15.0;
				MTL_ENABLE_DEBUG_INFO = NO;
				MTL_FAST_MATH = YES;
				SDKROOT = iphoneos;
				SWIFT_COMPILATION_MODE = wholemodule;
				SWIFT_OPTIMIZATION_LEVEL = "-O";
				VALIDATE_PRODUCT = YES;
			};
			name = Release;
		};
		E4D0526A2332538D009B4EDB /* Debug */ = {
			isa = XCBuildConfiguration;
			baseConfigurationReference = 0928AF62A7DB132977922ED7 /* Pods-MLMini.debug.xcconfig */;
			buildSettings = {
				ASSETCATALOG_COMPILER_APPICON_NAME = AppIcon;
				CODE_SIGN_STYLE = Automatic;
				DEVELOPMENT_TEAM = 9F49N853DV;
				INFOPLIST_FILE = MLMini/Info.plist;
				INFOPLIST_KEY_LSApplicationCategoryType = "public.app-category.shopping";
				IPHONEOS_DEPLOYMENT_TARGET = 15.0;
				LD_RUNPATH_SEARCH_PATHS = (
					"$(inherited)",
					"@executable_path/Frameworks",
				);
				PRODUCT_BUNDLE_IDENTIFIER = com.ale.MLMini;
				PRODUCT_NAME = "$(TARGET_NAME)";
				SWIFT_VERSION = 5.0;
				TARGETED_DEVICE_FAMILY = 1;
			};
			name = Debug;
		};
		E4D0526B2332538D009B4EDB /* Release */ = {
			isa = XCBuildConfiguration;
			baseConfigurationReference = C77EC6A917CC1879832F37B6 /* Pods-MLMini.release.xcconfig */;
			buildSettings = {
				ASSETCATALOG_COMPILER_APPICON_NAME = AppIcon;
				CODE_SIGN_STYLE = Automatic;
				DEVELOPMENT_TEAM = 9F49N853DV;
				INFOPLIST_FILE = MLMini/Info.plist;
				INFOPLIST_KEY_LSApplicationCategoryType = "public.app-category.shopping";
				IPHONEOS_DEPLOYMENT_TARGET = 15.0;
				LD_RUNPATH_SEARCH_PATHS = (
					"$(inherited)",
					"@executable_path/Frameworks",
				);
				PRODUCT_BUNDLE_IDENTIFIER = com.ale.MLMini;
				PRODUCT_NAME = "$(TARGET_NAME)";
				SWIFT_VERSION = 5.0;
				TARGETED_DEVICE_FAMILY = 1;
			};
			name = Release;
		};
/* End XCBuildConfiguration section */

/* Begin XCConfigurationList section */
		C6F012E325FDC76C00BBE3CC /* Build configuration list for PBXNativeTarget "MLMiniTests" */ = {
			isa = XCConfigurationList;
			buildConfigurations = (
				C6F012E125FDC76C00BBE3CC /* Debug */,
				C6F012E225FDC76C00BBE3CC /* Release */,
			);
			defaultConfigurationIsVisible = 0;
			defaultConfigurationName = Release;
		};
		E4D0525223325388009B4EDB /* Build configuration list for PBXProject "MLMini" */ = {
			isa = XCConfigurationList;
			buildConfigurations = (
				E4D052672332538D009B4EDB /* Debug */,
				E4D052682332538D009B4EDB /* Release */,
			);
			defaultConfigurationIsVisible = 0;
			defaultConfigurationName = Release;
		};
		E4D052692332538D009B4EDB /* Build configuration list for PBXNativeTarget "MLMini" */ = {
			isa = XCConfigurationList;
			buildConfigurations = (
				E4D0526A2332538D009B4EDB /* Debug */,
				E4D0526B2332538D009B4EDB /* Release */,
			);
			defaultConfigurationIsVisible = 0;
			defaultConfigurationName = Release;
		};
/* End XCConfigurationList section */
	};
	rootObject = E4D0524F23325388009B4EDB /* Project object */;
}
